// !$*UTF8*$!
{
	archiveVersion = 1;
	classes = {
	};
	objectVersion = 56;
	objects = {

/* Begin PBXBuildFile section */
		611D52702AF76BF200F9C223 /* AppDelegate.swift in Sources */ = {isa = PBXBuildFile; fileRef = 611D526F2AF76BF200F9C223 /* AppDelegate.swift */; };
		611D52722AF76BF200F9C223 /* SceneDelegate.swift in Sources */ = {isa = PBXBuildFile; fileRef = 611D52712AF76BF200F9C223 /* SceneDelegate.swift */; };
		611D52742AF76BF200F9C223 /* ViewController.swift in Sources */ = {isa = PBXBuildFile; fileRef = 611D52732AF76BF200F9C223 /* ViewController.swift */; };
		611D52772AF76BF200F9C223 /* Main.storyboard in Resources */ = {isa = PBXBuildFile; fileRef = 611D52752AF76BF200F9C223 /* Main.storyboard */; };
		611D52792AF76BF400F9C223 /* Assets.xcassets in Resources */ = {isa = PBXBuildFile; fileRef = 611D52782AF76BF400F9C223 /* Assets.xcassets */; };
		611D527C2AF76BF400F9C223 /* LaunchScreen.storyboard in Resources */ = {isa = PBXBuildFile; fileRef = 611D527A2AF76BF400F9C223 /* LaunchScreen.storyboard */; };
		611D528A2AF76C1E00F9C223 /* SidemenuVC.swift in Sources */ = {isa = PBXBuildFile; fileRef = 611D52842AF76C1E00F9C223 /* SidemenuVC.swift */; };
		611D528B2AF76C1E00F9C223 /* FeedbackVC.swift in Sources */ = {isa = PBXBuildFile; fileRef = 611D52852AF76C1E00F9C223 /* FeedbackVC.swift */; };
		611D528C2AF76C1E00F9C223 /* sidemenuTblCell.swift in Sources */ = {isa = PBXBuildFile; fileRef = 611D52862AF76C1E00F9C223 /* sidemenuTblCell.swift */; };
		611D528D2AF76C1E00F9C223 /* Abtsvc.swift in Sources */ = {isa = PBXBuildFile; fileRef = 611D52872AF76C1E00F9C223 /* Abtsvc.swift */; };
		611D528E2AF76C1E00F9C223 /* Helper.swift in Sources */ = {isa = PBXBuildFile; fileRef = 611D52882AF76C1E00F9C223 /* Helper.swift */; };
		611D528F2AF76C1E00F9C223 /* howto.swift in Sources */ = {isa = PBXBuildFile; fileRef = 611D52892AF76C1E00F9C223 /* howto.swift */; };
		611D52912AF7707A00F9C223 /* TIBC.swift in Sources */ = {isa = PBXBuildFile; fileRef = 611D52902AF7707A00F9C223 /* TIBC.swift */; };
		611D52932AF7719400F9C223 /* UIBC.swift in Sources */ = {isa = PBXBuildFile; fileRef = 611D52922AF7719400F9C223 /* UIBC.swift */; };
		611D52952AF771EC00F9C223 /* IGM.swift in Sources */ = {isa = PBXBuildFile; fileRef = 611D52942AF771EC00F9C223 /* IGM.swift */; };
		611D52972AF7725300F9C223 /* IGG.swift in Sources */ = {isa = PBXBuildFile; fileRef = 611D52962AF7725300F9C223 /* IGG.swift */; };
		611D52992AF7730200F9C223 /* IGE.swift in Sources */ = {isa = PBXBuildFile; fileRef = 611D52982AF7730200F9C223 /* IGE.swift */; };
		751417284C6E0577AA73B0DD /* Pods_MediOre.framework in Frameworks */ = {isa = PBXBuildFile; fileRef = 8CD45E702ADA3956FB78A69D /* Pods_MediOre.framework */; };
/* End PBXBuildFile section */

/* Begin PBXFileReference section */
		30F53F7995CA16F0458545EB /* Pods-MediOre.release.xcconfig */ = {isa = PBXFileReference; includeInIndex = 1; lastKnownFileType = text.xcconfig; name = "Pods-MediOre.release.xcconfig"; path = "Target Support Files/Pods-MediOre/Pods-MediOre.release.xcconfig"; sourceTree = "<group>"; };
		611D526C2AF76BF200F9C223 /* MediOre.app */ = {isa = PBXFileReference; explicitFileType = wrapper.application; includeInIndex = 0; path = MediOre.app; sourceTree = BUILT_PRODUCTS_DIR; };
		611D526F2AF76BF200F9C223 /* AppDelegate.swift */ = {isa = PBXFileReference; lastKnownFileType = sourcecode.swift; path = AppDelegate.swift; sourceTree = "<group>"; };
		611D52712AF76BF200F9C223 /* SceneDelegate.swift */ = {isa = PBXFileReference; lastKnownFileType = sourcecode.swift; path = SceneDelegate.swift; sourceTree = "<group>"; };
		611D52732AF76BF200F9C223 /* ViewController.swift */ = {isa = PBXFileReference; lastKnownFileType = sourcecode.swift; path = ViewController.swift; sourceTree = "<group>"; };
		611D52762AF76BF200F9C223 /* Base */ = {isa = PBXFileReference; lastKnownFileType = file.storyboard; name = Base; path = Base.lproj/Main.storyboard; sourceTree = "<group>"; };
		611D52782AF76BF400F9C223 /* Assets.xcassets */ = {isa = PBXFileReference; lastKnownFileType = folder.assetcatalog; path = Assets.xcassets; sourceTree = "<group>"; };
		611D527B2AF76BF400F9C223 /* Base */ = {isa = PBXFileReference; lastKnownFileType = file.storyboard; name = Base; path = Base.lproj/LaunchScreen.storyboard; sourceTree = "<group>"; };
		611D527D2AF76BF400F9C223 /* Info.plist */ = {isa = PBXFileReference; lastKnownFileType = text.plist.xml; path = Info.plist; sourceTree = "<group>"; };
		611D52842AF76C1E00F9C223 /* SidemenuVC.swift */ = {isa = PBXFileReference; fileEncoding = 4; lastKnownFileType = sourcecode.swift; path = SidemenuVC.swift; sourceTree = "<group>"; };
		611D52852AF76C1E00F9C223 /* FeedbackVC.swift */ = {isa = PBXFileReference; fileEncoding = 4; lastKnownFileType = sourcecode.swift; path = FeedbackVC.swift; sourceTree = "<group>"; };
		611D52862AF76C1E00F9C223 /* sidemenuTblCell.swift */ = {isa = PBXFileReference; fileEncoding = 4; lastKnownFileType = sourcecode.swift; path = sidemenuTblCell.swift; sourceTree = "<group>"; };
		611D52872AF76C1E00F9C223 /* Abtsvc.swift */ = {isa = PBXFileReference; fileEncoding = 4; lastKnownFileType = sourcecode.swift; path = Abtsvc.swift; sourceTree = "<group>"; };
		611D52882AF76C1E00F9C223 /* Helper.swift */ = {isa = PBXFileReference; fileEncoding = 4; lastKnownFileType = sourcecode.swift; path = Helper.swift; sourceTree = "<group>"; };
		611D52892AF76C1E00F9C223 /* howto.swift */ = {isa = PBXFileReference; fileEncoding = 4; lastKnownFileType = sourcecode.swift; path = howto.swift; sourceTree = "<group>"; };
		611D52902AF7707A00F9C223 /* TIBC.swift */ = {isa = PBXFileReference; lastKnownFileType = sourcecode.swift; path = TIBC.swift; sourceTree = "<group>"; };
		611D52922AF7719400F9C223 /* UIBC.swift */ = {isa = PBXFileReference; lastKnownFileType = sourcecode.swift; path = UIBC.swift; sourceTree = "<group>"; };
		611D52942AF771EC00F9C223 /* IGM.swift */ = {isa = PBXFileReference; lastKnownFileType = sourcecode.swift; path = IGM.swift; sourceTree = "<group>"; };
		611D52962AF7725300F9C223 /* IGG.swift */ = {isa = PBXFileReference; lastKnownFileType = sourcecode.swift; path = IGG.swift; sourceTree = "<group>"; };
		611D52982AF7730200F9C223 /* IGE.swift */ = {isa = PBXFileReference; lastKnownFileType = sourcecode.swift; path = IGE.swift; sourceTree = "<group>"; };
		8CD45E702ADA3956FB78A69D /* Pods_MediOre.framework */ = {isa = PBXFileReference; explicitFileType = wrapper.framework; includeInIndex = 0; path = Pods_MediOre.framework; sourceTree = BUILT_PRODUCTS_DIR; };
		8E97A5CE3FEFD4215A378BB0 /* Pods-MediOre.debug.xcconfig */ = {isa = PBXFileReference; includeInIndex = 1; lastKnownFileType = text.xcconfig; name = "Pods-MediOre.debug.xcconfig"; path = "Target Support Files/Pods-MediOre/Pods-MediOre.debug.xcconfig"; sourceTree = "<group>"; };
/* End PBXFileReference section */

/* Begin PBXFrameworksBuildPhase section */
		611D52692AF76BF200F9C223 /* Frameworks */ = {
			isa = PBXFrameworksBuildPhase;
			buildActionMask = 2147483647;
			files = (
				751417284C6E0577AA73B0DD /* Pods_MediOre.framework in Frameworks */,
			);
			runOnlyForDeploymentPostprocessing = 0;
		};
/* End PBXFrameworksBuildPhase section */

/* Begin PBXGroup section */
		3BE31015E5714337F6EF51CC /* Frameworks */ = {
			isa = PBXGroup;
			children = (
				8CD45E702ADA3956FB78A69D /* Pods_MediOre.framework */,
			);
			name = Frameworks;
			sourceTree = "<group>";
		};
		611D52632AF76BF200F9C223 = {
			isa = PBXGroup;
			children = (
				611D526E2AF76BF200F9C223 /* MediOre */,
				611D526D2AF76BF200F9C223 /* Products */,
				D08A8638937AEB235A925BED /* Pods */,
				3BE31015E5714337F6EF51CC /* Frameworks */,
			);
			sourceTree = "<group>";
		};
		611D526D2AF76BF200F9C223 /* Products */ = {
			isa = PBXGroup;
			children = (
				611D526C2AF76BF200F9C223 /* MediOre.app */,
			);
			name = Products;
			sourceTree = "<group>";
		};
		611D526E2AF76BF200F9C223 /* MediOre */ = {
			isa = PBXGroup;
			children = (
				611D526F2AF76BF200F9C223 /* AppDelegate.swift */,
				611D52712AF76BF200F9C223 /* SceneDelegate.swift */,
				611D52732AF76BF200F9C223 /* ViewController.swift */,
				611D529A2AF7731500F9C223 /* Converterfiles */,
				611D52832AF76C1E00F9C223 /* Sidemenuvc */,
				611D52752AF76BF200F9C223 /* Main.storyboard */,
				611D52782AF76BF400F9C223 /* Assets.xcassets */,
				611D527A2AF76BF400F9C223 /* LaunchScreen.storyboard */,
				611D527D2AF76BF400F9C223 /* Info.plist */,
			);
			path = MediOre;
			sourceTree = "<group>";
		};
		611D52832AF76C1E00F9C223 /* Sidemenuvc */ = {
			isa = PBXGroup;
			children = (
				611D52842AF76C1E00F9C223 /* SidemenuVC.swift */,
				611D52852AF76C1E00F9C223 /* FeedbackVC.swift */,
				611D52862AF76C1E00F9C223 /* sidemenuTblCell.swift */,
				611D52872AF76C1E00F9C223 /* Abtsvc.swift */,
				611D52882AF76C1E00F9C223 /* Helper.swift */,
				611D52892AF76C1E00F9C223 /* howto.swift */,
			);
			path = Sidemenuvc;
			sourceTree = "<group>";
		};
		611D529A2AF7731500F9C223 /* Converterfiles */ = {
			isa = PBXGroup;
			children = (
				611D52902AF7707A00F9C223 /* TIBC.swift */,
				611D52922AF7719400F9C223 /* UIBC.swift */,
				611D52942AF771EC00F9C223 /* IGM.swift */,
				611D52962AF7725300F9C223 /* IGG.swift */,
				611D52982AF7730200F9C223 /* IGE.swift */,
			);
			name = Converterfiles;
			sourceTree = "<group>";
		};
		D08A8638937AEB235A925BED /* Pods */ = {
			isa = PBXGroup;
			children = (
				8E97A5CE3FEFD4215A378BB0 /* Pods-MediOre.debug.xcconfig */,
				30F53F7995CA16F0458545EB /* Pods-MediOre.release.xcconfig */,
			);
			name = Pods;
			path = Pods;
			sourceTree = "<group>";
		};
/* End PBXGroup section */

/* Begin PBXNativeTarget section */
		611D526B2AF76BF200F9C223 /* MediOre */ = {
			isa = PBXNativeTarget;
			buildConfigurationList = 611D52802AF76BF400F9C223 /* Build configuration list for PBXNativeTarget "MediOre" */;
			buildPhases = (
				29966CD08FE6EE256903A70F /* [CP] Check Pods Manifest.lock */,
				611D52682AF76BF200F9C223 /* Sources */,
				611D52692AF76BF200F9C223 /* Frameworks */,
				611D526A2AF76BF200F9C223 /* Resources */,
				D93F62046CDC13E5672EA406 /* [CP] Embed Pods Frameworks */,
			);
			buildRules = (
			);
			dependencies = (
			);
			name = MediOre;
			productName = MediOre;
			productReference = 611D526C2AF76BF200F9C223 /* MediOre.app */;
			productType = "com.apple.product-type.application";
		};
/* End PBXNativeTarget section */

/* Begin PBXProject section */
		611D52642AF76BF200F9C223 /* Project object */ = {
			isa = PBXProject;
			attributes = {
				BuildIndependentTargetsInParallel = 1;
				LastSwiftUpdateCheck = 1410;
				LastUpgradeCheck = 1410;
				TargetAttributes = {
					611D526B2AF76BF200F9C223 = {
						CreatedOnToolsVersion = 14.1;
					};
				};
			};
			buildConfigurationList = 611D52672AF76BF200F9C223 /* Build configuration list for PBXProject "MediOre" */;
			compatibilityVersion = "Xcode 14.0";
			developmentRegion = en;
			hasScannedForEncodings = 0;
			knownRegions = (
				en,
				Base,
			);
			mainGroup = 611D52632AF76BF200F9C223;
			productRefGroup = 611D526D2AF76BF200F9C223 /* Products */;
			projectDirPath = "";
			projectRoot = "";
			targets = (
				611D526B2AF76BF200F9C223 /* MediOre */,
			);
		};
/* End PBXProject section */

/* Begin PBXResourcesBuildPhase section */
		611D526A2AF76BF200F9C223 /* Resources */ = {
			isa = PBXResourcesBuildPhase;
			buildActionMask = 2147483647;
			files = (
				611D527C2AF76BF400F9C223 /* LaunchScreen.storyboard in Resources */,
				611D52792AF76BF400F9C223 /* Assets.xcassets in Resources */,
				611D52772AF76BF200F9C223 /* Main.storyboard in Resources */,
			);
			runOnlyForDeploymentPostprocessing = 0;
		};
/* End PBXResourcesBuildPhase section */

/* Begin PBXShellScriptBuildPhase section */
		29966CD08FE6EE256903A70F /* [CP] Check Pods Manifest.lock */ = {
			isa = PBXShellScriptBuildPhase;
			buildActionMask = 2147483647;
			files = (
			);
			inputFileListPaths = (
			);
			inputPaths = (
				"${PODS_PODFILE_DIR_PATH}/Podfile.lock",
				"${PODS_ROOT}/Manifest.lock",
			);
			name = "[CP] Check Pods Manifest.lock";
			outputFileListPaths = (
			);
			outputPaths = (
				"$(DERIVED_FILE_DIR)/Pods-MediOre-checkManifestLockResult.txt",
			);
			runOnlyForDeploymentPostprocessing = 0;
			shellPath = /bin/sh;
			shellScript = "diff \"${PODS_PODFILE_DIR_PATH}/Podfile.lock\" \"${PODS_ROOT}/Manifest.lock\" > /dev/null\nif [ $? != 0 ] ; then\n    # print error to STDERR\n    echo \"error: The sandbox is not in sync with the Podfile.lock. Run 'pod install' or update your CocoaPods installation.\" >&2\n    exit 1\nfi\n# This output is used by Xcode 'outputs' to avoid re-running this script phase.\necho \"SUCCESS\" > \"${SCRIPT_OUTPUT_FILE_0}\"\n";
			showEnvVarsInLog = 0;
		};
		D93F62046CDC13E5672EA406 /* [CP] Embed Pods Frameworks */ = {
			isa = PBXShellScriptBuildPhase;
			buildActionMask = 2147483647;
			files = (
			);
			inputFileListPaths = (
				"${PODS_ROOT}/Target Support Files/Pods-MediOre/Pods-MediOre-frameworks-${CONFIGURATION}-input-files.xcfilelist",
			);
			name = "[CP] Embed Pods Frameworks";
			outputFileListPaths = (
				"${PODS_ROOT}/Target Support Files/Pods-MediOre/Pods-MediOre-frameworks-${CONFIGURATION}-output-files.xcfilelist",
			);
			runOnlyForDeploymentPostprocessing = 0;
			shellPath = /bin/sh;
			shellScript = "\"${PODS_ROOT}/Target Support Files/Pods-MediOre/Pods-MediOre-frameworks.sh\"\n";
			showEnvVarsInLog = 0;
		};
/* End PBXShellScriptBuildPhase section */

/* Begin PBXSourcesBuildPhase section */
		611D52682AF76BF200F9C223 /* Sources */ = {
			isa = PBXSourcesBuildPhase;
			buildActionMask = 2147483647;
			files = (
				611D52742AF76BF200F9C223 /* ViewController.swift in Sources */,
				611D52952AF771EC00F9C223 /* IGM.swift in Sources */,
				611D528B2AF76C1E00F9C223 /* FeedbackVC.swift in Sources */,
				611D528C2AF76C1E00F9C223 /* sidemenuTblCell.swift in Sources */,
				611D52912AF7707A00F9C223 /* TIBC.swift in Sources */,
				611D528D2AF76C1E00F9C223 /* Abtsvc.swift in Sources */,
				611D52932AF7719400F9C223 /* UIBC.swift in Sources */,
				611D52702AF76BF200F9C223 /* AppDelegate.swift in Sources */,
				611D528F2AF76C1E00F9C223 /* howto.swift in Sources */,
				611D528A2AF76C1E00F9C223 /* SidemenuVC.swift in Sources */,
				611D52722AF76BF200F9C223 /* SceneDelegate.swift in Sources */,
				611D52972AF7725300F9C223 /* IGG.swift in Sources */,
				611D528E2AF76C1E00F9C223 /* Helper.swift in Sources */,
				611D52992AF7730200F9C223 /* IGE.swift in Sources */,
			);
			runOnlyForDeploymentPostprocessing = 0;
		};
/* End PBXSourcesBuildPhase section */

/* Begin PBXVariantGroup section */
		611D52752AF76BF200F9C223 /* Main.storyboard */ = {
			isa = PBXVariantGroup;
			children = (
				611D52762AF76BF200F9C223 /* Base */,
			);
			name = Main.storyboard;
			sourceTree = "<group>";
		};
		611D527A2AF76BF400F9C223 /* LaunchScreen.storyboard */ = {
			isa = PBXVariantGroup;
			children = (
				611D527B2AF76BF400F9C223 /* Base */,
			);
			name = LaunchScreen.storyboard;
			sourceTree = "<group>";
		};
/* End PBXVariantGroup section */

/* Begin XCBuildConfiguration section */
		611D527E2AF76BF400F9C223 /* Debug */ = {
			isa = XCBuildConfiguration;
			buildSettings = {
				ALWAYS_SEARCH_USER_PATHS = NO;
				CLANG_ANALYZER_NONNULL = YES;
				CLANG_ANALYZER_NUMBER_OBJECT_CONVERSION = YES_AGGRESSIVE;
				CLANG_CXX_LANGUAGE_STANDARD = "gnu++20";
				CLANG_ENABLE_MODULES = YES;
				CLANG_ENABLE_OBJC_ARC = YES;
				CLANG_ENABLE_OBJC_WEAK = YES;
				CLANG_WARN_BLOCK_CAPTURE_AUTORELEASING = YES;
				CLANG_WARN_BOOL_CONVERSION = YES;
				CLANG_WARN_COMMA = YES;
				CLANG_WARN_CONSTANT_CONVERSION = YES;
				CLANG_WARN_DEPRECATED_OBJC_IMPLEMENTATIONS = YES;
				CLANG_WARN_DIRECT_OBJC_ISA_USAGE = YES_ERROR;
				CLANG_WARN_DOCUMENTATION_COMMENTS = YES;
				CLANG_WARN_EMPTY_BODY = YES;
				CLANG_WARN_ENUM_CONVERSION = YES;
				CLANG_WARN_INFINITE_RECURSION = YES;
				CLANG_WARN_INT_CONVERSION = YES;
				CLANG_WARN_NON_LITERAL_NULL_CONVERSION = YES;
				CLANG_WARN_OBJC_IMPLICIT_RETAIN_SELF = YES;
				CLANG_WARN_OBJC_LITERAL_CONVERSION = YES;
				CLANG_WARN_OBJC_ROOT_CLASS = YES_ERROR;
				CLANG_WARN_QUOTED_INCLUDE_IN_FRAMEWORK_HEADER = YES;
				CLANG_WARN_RANGE_LOOP_ANALYSIS = YES;
				CLANG_WARN_STRICT_PROTOTYPES = YES;
				CLANG_WARN_SUSPICIOUS_MOVE = YES;
				CLANG_WARN_UNGUARDED_AVAILABILITY = YES_AGGRESSIVE;
				CLANG_WARN_UNREACHABLE_CODE = YES;
				CLANG_WARN__DUPLICATE_METHOD_MATCH = YES;
				COPY_PHASE_STRIP = NO;
				DEBUG_INFORMATION_FORMAT = dwarf;
				ENABLE_STRICT_OBJC_MSGSEND = YES;
				ENABLE_TESTABILITY = YES;
				GCC_C_LANGUAGE_STANDARD = gnu11;
				GCC_DYNAMIC_NO_PIC = NO;
				GCC_NO_COMMON_BLOCKS = YES;
				GCC_OPTIMIZATION_LEVEL = 0;
				GCC_PREPROCESSOR_DEFINITIONS = (
					"DEBUG=1",
					"$(inherited)",
				);
				GCC_WARN_64_TO_32_BIT_CONVERSION = YES;
				GCC_WARN_ABOUT_RETURN_TYPE = YES_ERROR;
				GCC_WARN_UNDECLARED_SELECTOR = YES;
				GCC_WARN_UNINITIALIZED_AUTOS = YES_AGGRESSIVE;
				GCC_WARN_UNUSED_FUNCTION = YES;
				GCC_WARN_UNUSED_VARIABLE = YES;
				IPHONEOS_DEPLOYMENT_TARGET = 16.1;
				MTL_ENABLE_DEBUG_INFO = INCLUDE_SOURCE;
				MTL_FAST_MATH = YES;
				ONLY_ACTIVE_ARCH = YES;
				SDKROOT = iphoneos;
				SWIFT_ACTIVE_COMPILATION_CONDITIONS = DEBUG;
				SWIFT_OPTIMIZATION_LEVEL = "-Onone";
			};
			name = Debug;
		};
		611D527F2AF76BF400F9C223 /* Release */ = {
			isa = XCBuildConfiguration;
			buildSettings = {
				ALWAYS_SEARCH_USER_PATHS = NO;
				CLANG_ANALYZER_NONNULL = YES;
				CLANG_ANALYZER_NUMBER_OBJECT_CONVERSION = YES_AGGRESSIVE;
				CLANG_CXX_LANGUAGE_STANDARD = "gnu++20";
				CLANG_ENABLE_MODULES = YES;
				CLANG_ENABLE_OBJC_ARC = YES;
				CLANG_ENABLE_OBJC_WEAK = YES;
				CLANG_WARN_BLOCK_CAPTURE_AUTORELEASING = YES;
				CLANG_WARN_BOOL_CONVERSION = YES;
				CLANG_WARN_COMMA = YES;
				CLANG_WARN_CONSTANT_CONVERSION = YES;
				CLANG_WARN_DEPRECATED_OBJC_IMPLEMENTATIONS = YES;
				CLANG_WARN_DIRECT_OBJC_ISA_USAGE = YES_ERROR;
				CLANG_WARN_DOCUMENTATION_COMMENTS = YES;
				CLANG_WARN_EMPTY_BODY = YES;
				CLANG_WARN_ENUM_CONVERSION = YES;
				CLANG_WARN_INFINITE_RECURSION = YES;
				CLANG_WARN_INT_CONVERSION = YES;
				CLANG_WARN_NON_LITERAL_NULL_CONVERSION = YES;
				CLANG_WARN_OBJC_IMPLICIT_RETAIN_SELF = YES;
				CLANG_WARN_OBJC_LITERAL_CONVERSION = YES;
				CLANG_WARN_OBJC_ROOT_CLASS = YES_ERROR;
				CLANG_WARN_QUOTED_INCLUDE_IN_FRAMEWORK_HEADER = YES;
				CLANG_WARN_RANGE_LOOP_ANALYSIS = YES;
				CLANG_WARN_STRICT_PROTOTYPES = YES;
				CLANG_WARN_SUSPICIOUS_MOVE = YES;
				CLANG_WARN_UNGUARDED_AVAILABILITY = YES_AGGRESSIVE;
				CLANG_WARN_UNREACHABLE_CODE = YES;
				CLANG_WARN__DUPLICATE_METHOD_MATCH = YES;
				COPY_PHASE_STRIP = NO;
				DEBUG_INFORMATION_FORMAT = "dwarf-with-dsym";
				ENABLE_NS_ASSERTIONS = NO;
				ENABLE_STRICT_OBJC_MSGSEND = YES;
				GCC_C_LANGUAGE_STANDARD = gnu11;
				GCC_NO_COMMON_BLOCKS = YES;
				GCC_WARN_64_TO_32_BIT_CONVERSION = YES;
				GCC_WARN_ABOUT_RETURN_TYPE = YES_ERROR;
				GCC_WARN_UNDECLARED_SELECTOR = YES;
				GCC_WARN_UNINITIALIZED_AUTOS = YES_AGGRESSIVE;
				GCC_WARN_UNUSED_FUNCTION = YES;
				GCC_WARN_UNUSED_VARIABLE = YES;
				IPHONEOS_DEPLOYMENT_TARGET = 16.1;
				MTL_ENABLE_DEBUG_INFO = NO;
				MTL_FAST_MATH = YES;
				SDKROOT = iphoneos;
				SWIFT_COMPILATION_MODE = wholemodule;
				SWIFT_OPTIMIZATION_LEVEL = "-O";
				VALIDATE_PRODUCT = YES;
			};
			name = Release;
		};
		611D52812AF76BF400F9C223 /* Debug */ = {
			isa = XCBuildConfiguration;
			baseConfigurationReference = 8E97A5CE3FEFD4215A378BB0 /* Pods-MediOre.debug.xcconfig */;
			buildSettings = {
				ASSETCATALOG_COMPILER_APPICON_NAME = AppIcon;
				ASSETCATALOG_COMPILER_GLOBAL_ACCENT_COLOR_NAME = AccentColor;
				CODE_SIGN_STYLE = Automatic;
				CURRENT_PROJECT_VERSION = 1;
				GENERATE_INFOPLIST_FILE = YES;
				INFOPLIST_FILE = MediOre/Info.plist;
				INFOPLIST_KEY_UIApplicationSupportsIndirectInputEvents = YES;
				INFOPLIST_KEY_UILaunchStoryboardName = LaunchScreen;
				INFOPLIST_KEY_UIMainStoryboardFile = Main;
				INFOPLIST_KEY_UISupportedInterfaceOrientations_iPad = "UIInterfaceOrientationPortrait UIInterfaceOrientationPortraitUpsideDown UIInterfaceOrientationLandscapeLeft UIInterfaceOrientationLandscapeRight";
				INFOPLIST_KEY_UISupportedInterfaceOrientations_iPhone = "UIInterfaceOrientationPortrait UIInterfaceOrientationLandscapeLeft UIInterfaceOrientationLandscapeRight";
				IPHONEOS_DEPLOYMENT_TARGET = 12.0;
				LD_RUNPATH_SEARCH_PATHS = (
					"$(inherited)",
					"@executable_path/Frameworks",
				);
				MARKETING_VERSION = 1.0;
				PRODUCT_BUNDLE_IDENTIFIER = com.firstproject11.MediOre;
				PRODUCT_NAME = "$(TARGET_NAME)";
				SUPPORTED_PLATFORMS = "iphoneos iphonesimulator";
				SUPPORTS_MACCATALYST = NO;
				SUPPORTS_MAC_DESIGNED_FOR_IPHONE_IPAD = NO;
				SWIFT_EMIT_LOC_STRINGS = YES;
				SWIFT_VERSION = 5.0;
				TARGETED_DEVICE_FAMILY = 1;
			};
			name = Debug;
		};
		611D52822AF76BF400F9C223 /* Release */ = {
			isa = XCBuildConfiguration;
			baseConfigurationReference = 30F53F7995CA16F0458545EB /* Pods-MediOre.release.xcconfig */;
			buildSettings = {
				ASSETCATALOG_COMPILER_APPICON_NAME = AppIcon;
				ASSETCATALOG_COMPILER_GLOBAL_ACCENT_COLOR_NAME = AccentColor;
				CODE_SIGN_STYLE = Automatic;
				CURRENT_PROJECT_VERSION = 1;
				GENERATE_INFOPLIST_FILE = YES;
				INFOPLIST_FILE = MediOre/Info.plist;
				INFOPLIST_KEY_UIApplicationSupportsIndirectInputEvents = YES;
				INFOPLIST_KEY_UILaunchStoryboardName = LaunchScreen;
				INFOPLIST_KEY_UIMainStoryboardFile = Main;
				INFOPLIST_KEY_UISupportedInterfaceOrientations_iPad = "UIInterfaceOrientationPortrait UIInterfaceOrientationPortraitUpsideDown UIInterfaceOrientationLandscapeLeft UIInterfaceOrientationLandscapeRight";
				INFOPLIST_KEY_UISupportedInterfaceOrientations_iPhone = "UIInterfaceOrientationPortrait UIInterfaceOrientationLandscapeLeft UIInterfaceOrientationLandscapeRight";
				IPHONEOS_DEPLOYMENT_TARGET = 12.0;
				LD_RUNPATH_SEARCH_PATHS = (
					"$(inherited)",
					"@executable_path/Frameworks",
				);
				MARKETING_VERSION = 1.0;
				PRODUCT_BUNDLE_IDENTIFIER = com.firstproject11.MediOre;
				PRODUCT_NAME = "$(TARGET_NAME)";
				SUPPORTED_PLATFORMS = "iphoneos iphonesimulator";
				SUPPORTS_MACCATALYST = NO;
				SUPPORTS_MAC_DESIGNED_FOR_IPHONE_IPAD = NO;
				SWIFT_EMIT_LOC_STRINGS = YES;
				SWIFT_VERSION = 5.0;
				TARGETED_DEVICE_FAMILY = 1;
			};
			name = Release;
		};
/* End XCBuildConfiguration section */

/* Begin XCConfigurationList section */
		611D52672AF76BF200F9C223 /* Build configuration list for PBXProject "MediOre" */ = {
			isa = XCConfigurationList;
			buildConfigurations = (
				611D527E2AF76BF400F9C223 /* Debug */,
				611D527F2AF76BF400F9C223 /* Release */,
			);
			defaultConfigurationIsVisible = 0;
			defaultConfigurationName = Release;
		};
		611D52802AF76BF400F9C223 /* Build configuration list for PBXNativeTarget "MediOre" */ = {
			isa = XCConfigurationList;
			buildConfigurations = (
				611D52812AF76BF400F9C223 /* Debug */,
				611D52822AF76BF400F9C223 /* Release */,
			);
			defaultConfigurationIsVisible = 0;
			defaultConfigurationName = Release;
		};
/* End XCConfigurationList section */
	};
	rootObject = 611D52642AF76BF200F9C223 /* Project object */;
}
