// !$*UTF8*$!
{
	archiveVersion = 1;
	classes = {
	};
	objectVersion = 56;
	objects = {

/* Begin PBXBuildFile section */
		3C459C0A79F8AF0FDCE2B102 /* Pods_LuminaWiz.framework in Frameworks */ = {isa = PBXBuildFile; fileRef = 5051E995E8707DFE5FD980FE /* Pods_LuminaWiz.framework */; };
		615D657F2AF299E4002103C5 /* AppDelegate.swift in Sources */ = {isa = PBXBuildFile; fileRef = 615D657E2AF299E4002103C5 /* AppDelegate.swift */; };
		615D65812AF299E4002103C5 /* SceneDelegate.swift in Sources */ = {isa = PBXBuildFile; fileRef = 615D65802AF299E4002103C5 /* SceneDelegate.swift */; };
		615D65832AF299E4002103C5 /* ViewController.swift in Sources */ = {isa = PBXBuildFile; fileRef = 615D65822AF299E4002103C5 /* ViewController.swift */; };
		615D65862AF299E4002103C5 /* Main.storyboard in Resources */ = {isa = PBXBuildFile; fileRef = 615D65842AF299E4002103C5 /* Main.storyboard */; };
		615D65882AF299E5002103C5 /* Assets.xcassets in Resources */ = {isa = PBXBuildFile; fileRef = 615D65872AF299E5002103C5 /* Assets.xcassets */; };
		615D658B2AF299E5002103C5 /* LaunchScreen.storyboard in Resources */ = {isa = PBXBuildFile; fileRef = 615D65892AF299E5002103C5 /* LaunchScreen.storyboard */; };
		615D65992AF29AB9002103C5 /* SidemenuVC.swift in Sources */ = {isa = PBXBuildFile; fileRef = 615D65932AF29AB9002103C5 /* SidemenuVC.swift */; };
		615D659A2AF29AB9002103C5 /* FeedbackVC.swift in Sources */ = {isa = PBXBuildFile; fileRef = 615D65942AF29AB9002103C5 /* FeedbackVC.swift */; };
		615D659B2AF29AB9002103C5 /* sidemenuTblCell.swift in Sources */ = {isa = PBXBuildFile; fileRef = 615D65952AF29AB9002103C5 /* sidemenuTblCell.swift */; };
		615D659C2AF29AB9002103C5 /* Abtsvc.swift in Sources */ = {isa = PBXBuildFile; fileRef = 615D65962AF29AB9002103C5 /* Abtsvc.swift */; };
		615D659D2AF29AB9002103C5 /* Helper.swift in Sources */ = {isa = PBXBuildFile; fileRef = 615D65972AF29AB9002103C5 /* Helper.swift */; };
		615D659E2AF29AB9002103C5 /* howto.swift in Sources */ = {isa = PBXBuildFile; fileRef = 615D65982AF29AB9002103C5 /* howto.swift */; };
		615D65A02AF29FDD002103C5 /* Luminance.swift in Sources */ = {isa = PBXBuildFile; fileRef = 615D659F2AF29FDD002103C5 /* Luminance.swift */; };
		615D65A22AF29FED002103C5 /* LuminousIntensity.swift in Sources */ = {isa = PBXBuildFile; fileRef = 615D65A12AF29FED002103C5 /* LuminousIntensity.swift */; };
		615D65A42AF29FFB002103C5 /* Illumination.swift in Sources */ = {isa = PBXBuildFile; fileRef = 615D65A32AF29FFB002103C5 /* Illumination.swift */; };
		615D65A62AF2A01C002103C5 /* DigitalImageResolution.swift in Sources */ = {isa = PBXBuildFile; fileRef = 615D65A52AF2A01C002103C5 /* DigitalImageResolution.swift */; };
/* End PBXBuildFile section */

/* Begin PBXFileReference section */
		5051E995E8707DFE5FD980FE /* Pods_LuminaWiz.framework */ = {isa = PBXFileReference; explicitFileType = wrapper.framework; includeInIndex = 0; path = Pods_LuminaWiz.framework; sourceTree = BUILT_PRODUCTS_DIR; };
		615D657B2AF299E4002103C5 /* LuminaWiz.app */ = {isa = PBXFileReference; explicitFileType = wrapper.application; includeInIndex = 0; path = LuminaWiz.app; sourceTree = BUILT_PRODUCTS_DIR; };
		615D657E2AF299E4002103C5 /* AppDelegate.swift */ = {isa = PBXFileReference; lastKnownFileType = sourcecode.swift; path = AppDelegate.swift; sourceTree = "<group>"; };
		615D65802AF299E4002103C5 /* SceneDelegate.swift */ = {isa = PBXFileReference; lastKnownFileType = sourcecode.swift; path = SceneDelegate.swift; sourceTree = "<group>"; };
		615D65822AF299E4002103C5 /* ViewController.swift */ = {isa = PBXFileReference; lastKnownFileType = sourcecode.swift; path = ViewController.swift; sourceTree = "<group>"; };
		615D65852AF299E4002103C5 /* Base */ = {isa = PBXFileReference; lastKnownFileType = file.storyboard; name = Base; path = Base.lproj/Main.storyboard; sourceTree = "<group>"; };
		615D65872AF299E5002103C5 /* Assets.xcassets */ = {isa = PBXFileReference; lastKnownFileType = folder.assetcatalog; path = Assets.xcassets; sourceTree = "<group>"; };
		615D658A2AF299E5002103C5 /* Base */ = {isa = PBXFileReference; lastKnownFileType = file.storyboard; name = Base; path = Base.lproj/LaunchScreen.storyboard; sourceTree = "<group>"; };
		615D658C2AF299E5002103C5 /* Info.plist */ = {isa = PBXFileReference; lastKnownFileType = text.plist.xml; path = Info.plist; sourceTree = "<group>"; };
		615D65932AF29AB9002103C5 /* SidemenuVC.swift */ = {isa = PBXFileReference; fileEncoding = 4; lastKnownFileType = sourcecode.swift; path = SidemenuVC.swift; sourceTree = "<group>"; };
		615D65942AF29AB9002103C5 /* FeedbackVC.swift */ = {isa = PBXFileReference; fileEncoding = 4; lastKnownFileType = sourcecode.swift; path = FeedbackVC.swift; sourceTree = "<group>"; };
		615D65952AF29AB9002103C5 /* sidemenuTblCell.swift */ = {isa = PBXFileReference; fileEncoding = 4; lastKnownFileType = sourcecode.swift; path = sidemenuTblCell.swift; sourceTree = "<group>"; };
		615D65962AF29AB9002103C5 /* Abtsvc.swift */ = {isa = PBXFileReference; fileEncoding = 4; lastKnownFileType = sourcecode.swift; path = Abtsvc.swift; sourceTree = "<group>"; };
		615D65972AF29AB9002103C5 /* Helper.swift */ = {isa = PBXFileReference; fileEncoding = 4; lastKnownFileType = sourcecode.swift; path = Helper.swift; sourceTree = "<group>"; };
		615D65982AF29AB9002103C5 /* howto.swift */ = {isa = PBXFileReference; fileEncoding = 4; lastKnownFileType = sourcecode.swift; path = howto.swift; sourceTree = "<group>"; };
		615D659F2AF29FDD002103C5 /* Luminance.swift */ = {isa = PBXFileReference; lastKnownFileType = sourcecode.swift; path = Luminance.swift; sourceTree = "<group>"; };
		615D65A12AF29FED002103C5 /* LuminousIntensity.swift */ = {isa = PBXFileReference; lastKnownFileType = sourcecode.swift; path = LuminousIntensity.swift; sourceTree = "<group>"; };
		615D65A32AF29FFB002103C5 /* Illumination.swift */ = {isa = PBXFileReference; lastKnownFileType = sourcecode.swift; path = Illumination.swift; sourceTree = "<group>"; };
		615D65A52AF2A01C002103C5 /* DigitalImageResolution.swift */ = {isa = PBXFileReference; lastKnownFileType = sourcecode.swift; path = DigitalImageResolution.swift; sourceTree = "<group>"; };
		8B8B2DF767EF00B484AF337C /* Pods-LuminaWiz.debug.xcconfig */ = {isa = PBXFileReference; includeInIndex = 1; lastKnownFileType = text.xcconfig; name = "Pods-LuminaWiz.debug.xcconfig"; path = "Target Support Files/Pods-LuminaWiz/Pods-LuminaWiz.debug.xcconfig"; sourceTree = "<group>"; };
		B7C6245907092346B317E7E1 /* Pods-LuminaWiz.release.xcconfig */ = {isa = PBXFileReference; includeInIndex = 1; lastKnownFileType = text.xcconfig; name = "Pods-LuminaWiz.release.xcconfig"; path = "Target Support Files/Pods-LuminaWiz/Pods-LuminaWiz.release.xcconfig"; sourceTree = "<group>"; };
/* End PBXFileReference section */

/* Begin PBXFrameworksBuildPhase section */
		615D65782AF299E4002103C5 /* Frameworks */ = {
			isa = PBXFrameworksBuildPhase;
			buildActionMask = 2147483647;
			files = (
				3C459C0A79F8AF0FDCE2B102 /* Pods_LuminaWiz.framework in Frameworks */,
			);
			runOnlyForDeploymentPostprocessing = 0;
		};
/* End PBXFrameworksBuildPhase section */

/* Begin PBXGroup section */
		615D65722AF299E4002103C5 = {
			isa = PBXGroup;
			children = (
				615D657D2AF299E4002103C5 /* LuminaWiz */,
				615D657C2AF299E4002103C5 /* Products */,
				8FB1A27CD2EC28BF122D1E94 /* Pods */,
				CDBDAA92B04E77E57254EFBC /* Frameworks */,
			);
			sourceTree = "<group>";
		};
		615D657C2AF299E4002103C5 /* Products */ = {
			isa = PBXGroup;
			children = (
				615D657B2AF299E4002103C5 /* LuminaWiz.app */,
			);
			name = Products;
			sourceTree = "<group>";
		};
		615D657D2AF299E4002103C5 /* LuminaWiz */ = {
			isa = PBXGroup;
			children = (
				615D657E2AF299E4002103C5 /* AppDelegate.swift */,
				615D65802AF299E4002103C5 /* SceneDelegate.swift */,
				615D65822AF299E4002103C5 /* ViewController.swift */,
				615D659F2AF29FDD002103C5 /* Luminance.swift */,
				615D65A12AF29FED002103C5 /* LuminousIntensity.swift */,
				615D65A32AF29FFB002103C5 /* Illumination.swift */,
				615D65A52AF2A01C002103C5 /* DigitalImageResolution.swift */,
				615D65922AF29AB9002103C5 /* Sidemenuvc */,
				615D65842AF299E4002103C5 /* Main.storyboard */,
				615D65872AF299E5002103C5 /* Assets.xcassets */,
				615D65892AF299E5002103C5 /* LaunchScreen.storyboard */,
				615D658C2AF299E5002103C5 /* Info.plist */,
			);
			path = LuminaWiz;
			sourceTree = "<group>";
		};
		615D65922AF29AB9002103C5 /* Sidemenuvc */ = {
			isa = PBXGroup;
			children = (
				615D65932AF29AB9002103C5 /* SidemenuVC.swift */,
				615D65942AF29AB9002103C5 /* FeedbackVC.swift */,
				615D65952AF29AB9002103C5 /* sidemenuTblCell.swift */,
				615D65962AF29AB9002103C5 /* Abtsvc.swift */,
				615D65972AF29AB9002103C5 /* Helper.swift */,
				615D65982AF29AB9002103C5 /* howto.swift */,
			);
			path = Sidemenuvc;
			sourceTree = "<group>";
		};
		8FB1A27CD2EC28BF122D1E94 /* Pods */ = {
			isa = PBXGroup;
			children = (
				8B8B2DF767EF00B484AF337C /* Pods-LuminaWiz.debug.xcconfig */,
				B7C6245907092346B317E7E1 /* Pods-LuminaWiz.release.xcconfig */,
			);
			path = Pods;
			sourceTree = "<group>";
		};
		CDBDAA92B04E77E57254EFBC /* Frameworks */ = {
			isa = PBXGroup;
			children = (
				5051E995E8707DFE5FD980FE /* Pods_LuminaWiz.framework */,
			);
			name = Frameworks;
			sourceTree = "<group>";
		};
/* End PBXGroup section */

/* Begin PBXNativeTarget section */
		615D657A2AF299E4002103C5 /* LuminaWiz */ = {
			isa = PBXNativeTarget;
			buildConfigurationList = 615D658F2AF299E5002103C5 /* Build configuration list for PBXNativeTarget "LuminaWiz" */;
			buildPhases = (
				74880077FD5FD48EBE76EAE1 /* [CP] Check Pods Manifest.lock */,
				615D65772AF299E4002103C5 /* Sources */,
				615D65782AF299E4002103C5 /* Frameworks */,
				615D65792AF299E4002103C5 /* Resources */,
				8B153A4083D593DF58E86E62 /* [CP] Embed Pods Frameworks */,
			);
			buildRules = (
			);
			dependencies = (
			);
			name = LuminaWiz;
			productName = LuminaWiz;
			productReference = 615D657B2AF299E4002103C5 /* LuminaWiz.app */;
			productType = "com.apple.product-type.application";
		};
/* End PBXNativeTarget section */

/* Begin PBXProject section */
		615D65732AF299E4002103C5 /* Project object */ = {
			isa = PBXProject;
			attributes = {
				BuildIndependentTargetsInParallel = 1;
				LastSwiftUpdateCheck = 1410;
				LastUpgradeCheck = 1410;
				TargetAttributes = {
					615D657A2AF299E4002103C5 = {
						CreatedOnToolsVersion = 14.1;
					};
				};
			};
			buildConfigurationList = 615D65762AF299E4002103C5 /* Build configuration list for PBXProject "LuminaWiz" */;
			compatibilityVersion = "Xcode 14.0";
			developmentRegion = en;
			hasScannedForEncodings = 0;
			knownRegions = (
				en,
				Base,
			);
			mainGroup = 615D65722AF299E4002103C5;
			productRefGroup = 615D657C2AF299E4002103C5 /* Products */;
			projectDirPath = "";
			projectRoot = "";
			targets = (
				615D657A2AF299E4002103C5 /* LuminaWiz */,
			);
		};
/* End PBXProject section */

/* Begin PBXResourcesBuildPhase section */
		615D65792AF299E4002103C5 /* Resources */ = {
			isa = PBXResourcesBuildPhase;
			buildActionMask = 2147483647;
			files = (
				615D658B2AF299E5002103C5 /* LaunchScreen.storyboard in Resources */,
				615D65882AF299E5002103C5 /* Assets.xcassets in Resources */,
				615D65862AF299E4002103C5 /* Main.storyboard in Resources */,
			);
			runOnlyForDeploymentPostprocessing = 0;
		};
/* End PBXResourcesBuildPhase section */

/* Begin PBXShellScriptBuildPhase section */
		74880077FD5FD48EBE76EAE1 /* [CP] Check Pods Manifest.lock */ = {
			isa = PBXShellScriptBuildPhase;
			buildActionMask = 2147483647;
			files = (
			);
			inputFileListPaths = (
			);
			inputPaths = (
				"${PODS_PODFILE_DIR_PATH}/Podfile.lock",
				"${PODS_ROOT}/Manifest.lock",
			);
			name = "[CP] Check Pods Manifest.lock";
			outputFileListPaths = (
			);
			outputPaths = (
				"$(DERIVED_FILE_DIR)/Pods-LuminaWiz-checkManifestLockResult.txt",
			);
			runOnlyForDeploymentPostprocessing = 0;
			shellPath = /bin/sh;
			shellScript = "diff \"${PODS_PODFILE_DIR_PATH}/Podfile.lock\" \"${PODS_ROOT}/Manifest.lock\" > /dev/null\nif [ $? != 0 ] ; then\n    # print error to STDERR\n    echo \"error: The sandbox is not in sync with the Podfile.lock. Run 'pod install' or update your CocoaPods installation.\" >&2\n    exit 1\nfi\n# This output is used by Xcode 'outputs' to avoid re-running this script phase.\necho \"SUCCESS\" > \"${SCRIPT_OUTPUT_FILE_0}\"\n";
			showEnvVarsInLog = 0;
		};
		8B153A4083D593DF58E86E62 /* [CP] Embed Pods Frameworks */ = {
			isa = PBXShellScriptBuildPhase;
			buildActionMask = 2147483647;
			files = (
			);
			inputFileListPaths = (
				"${PODS_ROOT}/Target Support Files/Pods-LuminaWiz/Pods-LuminaWiz-frameworks-${CONFIGURATION}-input-files.xcfilelist",
			);
			name = "[CP] Embed Pods Frameworks";
			outputFileListPaths = (
				"${PODS_ROOT}/Target Support Files/Pods-LuminaWiz/Pods-LuminaWiz-frameworks-${CONFIGURATION}-output-files.xcfilelist",
			);
			runOnlyForDeploymentPostprocessing = 0;
			shellPath = /bin/sh;
			shellScript = "\"${PODS_ROOT}/Target Support Files/Pods-LuminaWiz/Pods-LuminaWiz-frameworks.sh\"\n";
			showEnvVarsInLog = 0;
		};
/* End PBXShellScriptBuildPhase section */

/* Begin PBXSourcesBuildPhase section */
		615D65772AF299E4002103C5 /* Sources */ = {
			isa = PBXSourcesBuildPhase;
			buildActionMask = 2147483647;
			files = (
				615D65832AF299E4002103C5 /* ViewController.swift in Sources */,
				615D659A2AF29AB9002103C5 /* FeedbackVC.swift in Sources */,
				615D659B2AF29AB9002103C5 /* sidemenuTblCell.swift in Sources */,
				615D659C2AF29AB9002103C5 /* Abtsvc.swift in Sources */,
				615D65A22AF29FED002103C5 /* LuminousIntensity.swift in Sources */,
				615D65A02AF29FDD002103C5 /* Luminance.swift in Sources */,
				615D65A42AF29FFB002103C5 /* Illumination.swift in Sources */,
				615D657F2AF299E4002103C5 /* AppDelegate.swift in Sources */,
				615D659E2AF29AB9002103C5 /* howto.swift in Sources */,
				615D65A62AF2A01C002103C5 /* DigitalImageResolution.swift in Sources */,
				615D65992AF29AB9002103C5 /* SidemenuVC.swift in Sources */,
				615D65812AF299E4002103C5 /* SceneDelegate.swift in Sources */,
				615D659D2AF29AB9002103C5 /* Helper.swift in Sources */,
			);
			runOnlyForDeploymentPostprocessing = 0;
		};
/* End PBXSourcesBuildPhase section */

/* Begin PBXVariantGroup section */
		615D65842AF299E4002103C5 /* Main.storyboard */ = {
			isa = PBXVariantGroup;
			children = (
				615D65852AF299E4002103C5 /* Base */,
			);
			name = Main.storyboard;
			sourceTree = "<group>";
		};
		615D65892AF299E5002103C5 /* LaunchScreen.storyboard */ = {
			isa = PBXVariantGroup;
			children = (
				615D658A2AF299E5002103C5 /* Base */,
			);
			name = LaunchScreen.storyboard;
			sourceTree = "<group>";
		};
/* End PBXVariantGroup section */

/* Begin XCBuildConfiguration section */
		615D658D2AF299E5002103C5 /* Debug */ = {
			isa = XCBuildConfiguration;
			buildSettings = {
				ALWAYS_SEARCH_USER_PATHS = NO;
				CLANG_ANALYZER_NONNULL = YES;
				CLANG_ANALYZER_NUMBER_OBJECT_CONVERSION = YES_AGGRESSIVE;
				CLANG_CXX_LANGUAGE_STANDARD = "gnu++20";
				CLANG_ENABLE_MODULES = YES;
				CLANG_ENABLE_OBJC_ARC = YES;
				CLANG_ENABLE_OBJC_WEAK = YES;
				CLANG_WARN_BLOCK_CAPTURE_AUTORELEASING = YES;
				CLANG_WARN_BOOL_CONVERSION = YES;
				CLANG_WARN_COMMA = YES;
				CLANG_WARN_CONSTANT_CONVERSION = YES;
				CLANG_WARN_DEPRECATED_OBJC_IMPLEMENTATIONS = YES;
				CLANG_WARN_DIRECT_OBJC_ISA_USAGE = YES_ERROR;
				CLANG_WARN_DOCUMENTATION_COMMENTS = YES;
				CLANG_WARN_EMPTY_BODY = YES;
				CLANG_WARN_ENUM_CONVERSION = YES;
				CLANG_WARN_INFINITE_RECURSION = YES;
				CLANG_WARN_INT_CONVERSION = YES;
				CLANG_WARN_NON_LITERAL_NULL_CONVERSION = YES;
				CLANG_WARN_OBJC_IMPLICIT_RETAIN_SELF = YES;
				CLANG_WARN_OBJC_LITERAL_CONVERSION = YES;
				CLANG_WARN_OBJC_ROOT_CLASS = YES_ERROR;
				CLANG_WARN_QUOTED_INCLUDE_IN_FRAMEWORK_HEADER = YES;
				CLANG_WARN_RANGE_LOOP_ANALYSIS = YES;
				CLANG_WARN_STRICT_PROTOTYPES = YES;
				CLANG_WARN_SUSPICIOUS_MOVE = YES;
				CLANG_WARN_UNGUARDED_AVAILABILITY = YES_AGGRESSIVE;
				CLANG_WARN_UNREACHABLE_CODE = YES;
				CLANG_WARN__DUPLICATE_METHOD_MATCH = YES;
				COPY_PHASE_STRIP = NO;
				DEBUG_INFORMATION_FORMAT = dwarf;
				ENABLE_STRICT_OBJC_MSGSEND = YES;
				ENABLE_TESTABILITY = YES;
				GCC_C_LANGUAGE_STANDARD = gnu11;
				GCC_DYNAMIC_NO_PIC = NO;
				GCC_NO_COMMON_BLOCKS = YES;
				GCC_OPTIMIZATION_LEVEL = 0;
				GCC_PREPROCESSOR_DEFINITIONS = (
					"DEBUG=1",
					"$(inherited)",
				);
				GCC_WARN_64_TO_32_BIT_CONVERSION = YES;
				GCC_WARN_ABOUT_RETURN_TYPE = YES_ERROR;
				GCC_WARN_UNDECLARED_SELECTOR = YES;
				GCC_WARN_UNINITIALIZED_AUTOS = YES_AGGRESSIVE;
				GCC_WARN_UNUSED_FUNCTION = YES;
				GCC_WARN_UNUSED_VARIABLE = YES;
				IPHONEOS_DEPLOYMENT_TARGET = 16.1;
				MTL_ENABLE_DEBUG_INFO = INCLUDE_SOURCE;
				MTL_FAST_MATH = YES;
				ONLY_ACTIVE_ARCH = YES;
				SDKROOT = iphoneos;
				SWIFT_ACTIVE_COMPILATION_CONDITIONS = DEBUG;
				SWIFT_OPTIMIZATION_LEVEL = "-Onone";
			};
			name = Debug;
		};
		615D658E2AF299E5002103C5 /* Release */ = {
			isa = XCBuildConfiguration;
			buildSettings = {
				ALWAYS_SEARCH_USER_PATHS = NO;
				CLANG_ANALYZER_NONNULL = YES;
				CLANG_ANALYZER_NUMBER_OBJECT_CONVERSION = YES_AGGRESSIVE;
				CLANG_CXX_LANGUAGE_STANDARD = "gnu++20";
				CLANG_ENABLE_MODULES = YES;
				CLANG_ENABLE_OBJC_ARC = YES;
				CLANG_ENABLE_OBJC_WEAK = YES;
				CLANG_WARN_BLOCK_CAPTURE_AUTORELEASING = YES;
				CLANG_WARN_BOOL_CONVERSION = YES;
				CLANG_WARN_COMMA = YES;
				CLANG_WARN_CONSTANT_CONVERSION = YES;
				CLANG_WARN_DEPRECATED_OBJC_IMPLEMENTATIONS = YES;
				CLANG_WARN_DIRECT_OBJC_ISA_USAGE = YES_ERROR;
				CLANG_WARN_DOCUMENTATION_COMMENTS = YES;
				CLANG_WARN_EMPTY_BODY = YES;
				CLANG_WARN_ENUM_CONVERSION = YES;
				CLANG_WARN_INFINITE_RECURSION = YES;
				CLANG_WARN_INT_CONVERSION = YES;
				CLANG_WARN_NON_LITERAL_NULL_CONVERSION = YES;
				CLANG_WARN_OBJC_IMPLICIT_RETAIN_SELF = YES;
				CLANG_WARN_OBJC_LITERAL_CONVERSION = YES;
				CLANG_WARN_OBJC_ROOT_CLASS = YES_ERROR;
				CLANG_WARN_QUOTED_INCLUDE_IN_FRAMEWORK_HEADER = YES;
				CLANG_WARN_RANGE_LOOP_ANALYSIS = YES;
				CLANG_WARN_STRICT_PROTOTYPES = YES;
				CLANG_WARN_SUSPICIOUS_MOVE = YES;
				CLANG_WARN_UNGUARDED_AVAILABILITY = YES_AGGRESSIVE;
				CLANG_WARN_UNREACHABLE_CODE = YES;
				CLANG_WARN__DUPLICATE_METHOD_MATCH = YES;
				COPY_PHASE_STRIP = NO;
				DEBUG_INFORMATION_FORMAT = "dwarf-with-dsym";
				ENABLE_NS_ASSERTIONS = NO;
				ENABLE_STRICT_OBJC_MSGSEND = YES;
				GCC_C_LANGUAGE_STANDARD = gnu11;
				GCC_NO_COMMON_BLOCKS = YES;
				GCC_WARN_64_TO_32_BIT_CONVERSION = YES;
				GCC_WARN_ABOUT_RETURN_TYPE = YES_ERROR;
				GCC_WARN_UNDECLARED_SELECTOR = YES;
				GCC_WARN_UNINITIALIZED_AUTOS = YES_AGGRESSIVE;
				GCC_WARN_UNUSED_FUNCTION = YES;
				GCC_WARN_UNUSED_VARIABLE = YES;
				IPHONEOS_DEPLOYMENT_TARGET = 16.1;
				MTL_ENABLE_DEBUG_INFO = NO;
				MTL_FAST_MATH = YES;
				SDKROOT = iphoneos;
				SWIFT_COMPILATION_MODE = wholemodule;
				SWIFT_OPTIMIZATION_LEVEL = "-O";
				VALIDATE_PRODUCT = YES;
			};
			name = Release;
		};
		615D65902AF299E5002103C5 /* Debug */ = {
			isa = XCBuildConfiguration;
			baseConfigurationReference = 8B8B2DF767EF00B484AF337C /* Pods-LuminaWiz.debug.xcconfig */;
			buildSettings = {
				ASSETCATALOG_COMPILER_APPICON_NAME = AppIcon;
				ASSETCATALOG_COMPILER_GLOBAL_ACCENT_COLOR_NAME = AccentColor;
				CODE_SIGN_STYLE = Automatic;
				CURRENT_PROJECT_VERSION = 1;
				GENERATE_INFOPLIST_FILE = YES;
				INFOPLIST_FILE = LuminaWiz/Info.plist;
				INFOPLIST_KEY_UIApplicationSupportsIndirectInputEvents = YES;
				INFOPLIST_KEY_UILaunchStoryboardName = LaunchScreen;
				INFOPLIST_KEY_UIMainStoryboardFile = Main;
				INFOPLIST_KEY_UISupportedInterfaceOrientations_iPad = "UIInterfaceOrientationPortrait UIInterfaceOrientationPortraitUpsideDown UIInterfaceOrientationLandscapeLeft UIInterfaceOrientationLandscapeRight";
				INFOPLIST_KEY_UISupportedInterfaceOrientations_iPhone = "UIInterfaceOrientationPortrait UIInterfaceOrientationLandscapeLeft UIInterfaceOrientationLandscapeRight";
				IPHONEOS_DEPLOYMENT_TARGET = 12.0;
				LD_RUNPATH_SEARCH_PATHS = (
					"$(inherited)",
					"@executable_path/Frameworks",
				);
				MARKETING_VERSION = 1.0;
				PRODUCT_BUNDLE_IDENTIFIER = com.firstproject11.LuminaWiz;
				PRODUCT_NAME = "$(TARGET_NAME)";
				SUPPORTED_PLATFORMS = "iphoneos iphonesimulator";
				SUPPORTS_MACCATALYST = NO;
				SUPPORTS_MAC_DESIGNED_FOR_IPHONE_IPAD = NO;
				SWIFT_EMIT_LOC_STRINGS = YES;
				SWIFT_VERSION = 5.0;
				TARGETED_DEVICE_FAMILY = 1;
			};
			name = Debug;
		};
		615D65912AF299E5002103C5 /* Release */ = {
			isa = XCBuildConfiguration;
			baseConfigurationReference = B7C6245907092346B317E7E1 /* Pods-LuminaWiz.release.xcconfig */;
			buildSettings = {
				ASSETCATALOG_COMPILER_APPICON_NAME = AppIcon;
				ASSETCATALOG_COMPILER_GLOBAL_ACCENT_COLOR_NAME = AccentColor;
				CODE_SIGN_STYLE = Automatic;
				CURRENT_PROJECT_VERSION = 1;
				GENERATE_INFOPLIST_FILE = YES;
				INFOPLIST_FILE = LuminaWiz/Info.plist;
				INFOPLIST_KEY_UIApplicationSupportsIndirectInputEvents = YES;
				INFOPLIST_KEY_UILaunchStoryboardName = LaunchScreen;
				INFOPLIST_KEY_UIMainStoryboardFile = Main;
				INFOPLIST_KEY_UISupportedInterfaceOrientations_iPad = "UIInterfaceOrientationPortrait UIInterfaceOrientationPortraitUpsideDown UIInterfaceOrientationLandscapeLeft UIInterfaceOrientationLandscapeRight";
				INFOPLIST_KEY_UISupportedInterfaceOrientations_iPhone = "UIInterfaceOrientationPortrait UIInterfaceOrientationLandscapeLeft UIInterfaceOrientationLandscapeRight";
				IPHONEOS_DEPLOYMENT_TARGET = 12.0;
				LD_RUNPATH_SEARCH_PATHS = (
					"$(inherited)",
					"@executable_path/Frameworks",
				);
				MARKETING_VERSION = 1.0;
				PRODUCT_BUNDLE_IDENTIFIER = com.firstproject11.LuminaWiz;
				PRODUCT_NAME = "$(TARGET_NAME)";
				SUPPORTED_PLATFORMS = "iphoneos iphonesimulator";
				SUPPORTS_MACCATALYST = NO;
				SUPPORTS_MAC_DESIGNED_FOR_IPHONE_IPAD = NO;
				SWIFT_EMIT_LOC_STRINGS = YES;
				SWIFT_VERSION = 5.0;
				TARGETED_DEVICE_FAMILY = 1;
			};
			name = Release;
		};
/* End XCBuildConfiguration section */

/* Begin XCConfigurationList section */
		615D65762AF299E4002103C5 /* Build configuration list for PBXProject "LuminaWiz" */ = {
			isa = XCConfigurationList;
			buildConfigurations = (
				615D658D2AF299E5002103C5 /* Debug */,
				615D658E2AF299E5002103C5 /* Release */,
			);
			defaultConfigurationIsVisible = 0;
			defaultConfigurationName = Release;
		};
		615D658F2AF299E5002103C5 /* Build configuration list for PBXNativeTarget "LuminaWiz" */ = {
			isa = XCConfigurationList;
			buildConfigurations = (
				615D65902AF299E5002103C5 /* Debug */,
				615D65912AF299E5002103C5 /* Release */,
			);
			defaultConfigurationIsVisible = 0;
			defaultConfigurationName = Release;
		};
/* End XCConfigurationList section */
	};
	rootObject = 615D65732AF299E4002103C5 /* Project object */;
}
