// !$*UTF8*$!
{
	archiveVersion = 1;
	classes = {
	};
	objectVersion = 56;
	objects = {

/* Begin PBXBuildFile section */
		611E5DDC2B1317DF0066138E /* Arms.swift in Sources */ = {isa = PBXBuildFile; fileRef = 611E5DD82B1317DF0066138E /* Arms.swift */; };
		611E5DDD2B1317DF0066138E /* Fibo.swift in Sources */ = {isa = PBXBuildFile; fileRef = 611E5DD92B1317DF0066138E /* Fibo.swift */; };
		611E5DDE2B1317DF0066138E /* Fact.swift in Sources */ = {isa = PBXBuildFile; fileRef = 611E5DDA2B1317DF0066138E /* Fact.swift */; };
		611E5DDF2B1317DF0066138E /* Palid.swift in Sources */ = {isa = PBXBuildFile; fileRef = 611E5DDB2B1317DF0066138E /* Palid.swift */; };
		611E5DE52B1318070066138E /* Even.swift in Sources */ = {isa = PBXBuildFile; fileRef = 611E5DE12B1318070066138E /* Even.swift */; };
		611E5DE62B1318070066138E /* Prime.swift in Sources */ = {isa = PBXBuildFile; fileRef = 611E5DE22B1318070066138E /* Prime.swift */; };
		611E5DE72B1318070066138E /* Average.swift in Sources */ = {isa = PBXBuildFile; fileRef = 611E5DE32B1318070066138E /* Average.swift */; };
		611E5DE82B1318070066138E /* ODD.swift in Sources */ = {isa = PBXBuildFile; fileRef = 611E5DE42B1318070066138E /* ODD.swift */; };
		61C265A82B1316F500756129 /* AppDelegate.swift in Sources */ = {isa = PBXBuildFile; fileRef = 61C265A72B1316F500756129 /* AppDelegate.swift */; };
		61C265AA2B1316F500756129 /* SceneDelegate.swift in Sources */ = {isa = PBXBuildFile; fileRef = 61C265A92B1316F500756129 /* SceneDelegate.swift */; };
		61C265AC2B1316F500756129 /* ViewController.swift in Sources */ = {isa = PBXBuildFile; fileRef = 61C265AB2B1316F500756129 /* ViewController.swift */; };
		61C265AF2B1316F500756129 /* Main.storyboard in Resources */ = {isa = PBXBuildFile; fileRef = 61C265AD2B1316F500756129 /* Main.storyboard */; };
		61C265B12B1316F700756129 /* Assets.xcassets in Resources */ = {isa = PBXBuildFile; fileRef = 61C265B02B1316F700756129 /* Assets.xcassets */; };
		61C265B42B1316F700756129 /* LaunchScreen.storyboard in Resources */ = {isa = PBXBuildFile; fileRef = 61C265B22B1316F700756129 /* LaunchScreen.storyboard */; };
		61C265C22B13171400756129 /* SidemenuVC.swift in Sources */ = {isa = PBXBuildFile; fileRef = 61C265BC2B13171400756129 /* SidemenuVC.swift */; };
		61C265C32B13171400756129 /* FeedbackVC.swift in Sources */ = {isa = PBXBuildFile; fileRef = 61C265BD2B13171400756129 /* FeedbackVC.swift */; };
		61C265C42B13171400756129 /* sidemenuTblCell.swift in Sources */ = {isa = PBXBuildFile; fileRef = 61C265BE2B13171400756129 /* sidemenuTblCell.swift */; };
		61C265C52B13171400756129 /* Abtsvc.swift in Sources */ = {isa = PBXBuildFile; fileRef = 61C265BF2B13171400756129 /* Abtsvc.swift */; };
		61C265C62B13171400756129 /* Helper.swift in Sources */ = {isa = PBXBuildFile; fileRef = 61C265C02B13171400756129 /* Helper.swift */; };
		61C265C72B13171400756129 /* howto.swift in Sources */ = {isa = PBXBuildFile; fileRef = 61C265C12B13171400756129 /* howto.swift */; };
		A71B226353AA2E421B5B200D /* Pods_MathHub_Pro.framework in Frameworks */ = {isa = PBXBuildFile; fileRef = 806925E22AFE9D6D0EF726E7 /* Pods_MathHub_Pro.framework */; };
/* End PBXBuildFile section */

/* Begin PBXFileReference section */
		611E5DD82B1317DF0066138E /* Arms.swift */ = {isa = PBXFileReference; fileEncoding = 4; lastKnownFileType = sourcecode.swift; path = Arms.swift; sourceTree = "<group>"; };
		611E5DD92B1317DF0066138E /* Fibo.swift */ = {isa = PBXFileReference; fileEncoding = 4; lastKnownFileType = sourcecode.swift; path = Fibo.swift; sourceTree = "<group>"; };
		611E5DDA2B1317DF0066138E /* Fact.swift */ = {isa = PBXFileReference; fileEncoding = 4; lastKnownFileType = sourcecode.swift; path = Fact.swift; sourceTree = "<group>"; };
		611E5DDB2B1317DF0066138E /* Palid.swift */ = {isa = PBXFileReference; fileEncoding = 4; lastKnownFileType = sourcecode.swift; path = Palid.swift; sourceTree = "<group>"; };
		611E5DE12B1318070066138E /* Even.swift */ = {isa = PBXFileReference; fileEncoding = 4; lastKnownFileType = sourcecode.swift; path = Even.swift; sourceTree = "<group>"; };
		611E5DE22B1318070066138E /* Prime.swift */ = {isa = PBXFileReference; fileEncoding = 4; lastKnownFileType = sourcecode.swift; path = Prime.swift; sourceTree = "<group>"; };
		611E5DE32B1318070066138E /* Average.swift */ = {isa = PBXFileReference; fileEncoding = 4; lastKnownFileType = sourcecode.swift; path = Average.swift; sourceTree = "<group>"; };
		611E5DE42B1318070066138E /* ODD.swift */ = {isa = PBXFileReference; fileEncoding = 4; lastKnownFileType = sourcecode.swift; path = ODD.swift; sourceTree = "<group>"; };
		61C265A42B1316F500756129 /* MathHub Pro.app */ = {isa = PBXFileReference; explicitFileType = wrapper.application; includeInIndex = 0; path = "MathHub Pro.app"; sourceTree = BUILT_PRODUCTS_DIR; };
		61C265A72B1316F500756129 /* AppDelegate.swift */ = {isa = PBXFileReference; lastKnownFileType = sourcecode.swift; path = AppDelegate.swift; sourceTree = "<group>"; };
		61C265A92B1316F500756129 /* SceneDelegate.swift */ = {isa = PBXFileReference; lastKnownFileType = sourcecode.swift; path = SceneDelegate.swift; sourceTree = "<group>"; };
		61C265AB2B1316F500756129 /* ViewController.swift */ = {isa = PBXFileReference; lastKnownFileType = sourcecode.swift; path = ViewController.swift; sourceTree = "<group>"; };
		61C265AE2B1316F500756129 /* Base */ = {isa = PBXFileReference; lastKnownFileType = file.storyboard; name = Base; path = Base.lproj/Main.storyboard; sourceTree = "<group>"; };
		61C265B02B1316F700756129 /* Assets.xcassets */ = {isa = PBXFileReference; lastKnownFileType = folder.assetcatalog; path = Assets.xcassets; sourceTree = "<group>"; };
		61C265B32B1316F700756129 /* Base */ = {isa = PBXFileReference; lastKnownFileType = file.storyboard; name = Base; path = Base.lproj/LaunchScreen.storyboard; sourceTree = "<group>"; };
		61C265B52B1316F700756129 /* Info.plist */ = {isa = PBXFileReference; lastKnownFileType = text.plist.xml; path = Info.plist; sourceTree = "<group>"; };
		61C265BC2B13171400756129 /* SidemenuVC.swift */ = {isa = PBXFileReference; fileEncoding = 4; lastKnownFileType = sourcecode.swift; path = SidemenuVC.swift; sourceTree = "<group>"; };
		61C265BD2B13171400756129 /* FeedbackVC.swift */ = {isa = PBXFileReference; fileEncoding = 4; lastKnownFileType = sourcecode.swift; path = FeedbackVC.swift; sourceTree = "<group>"; };
		61C265BE2B13171400756129 /* sidemenuTblCell.swift */ = {isa = PBXFileReference; fileEncoding = 4; lastKnownFileType = sourcecode.swift; path = sidemenuTblCell.swift; sourceTree = "<group>"; };
		61C265BF2B13171400756129 /* Abtsvc.swift */ = {isa = PBXFileReference; fileEncoding = 4; lastKnownFileType = sourcecode.swift; path = Abtsvc.swift; sourceTree = "<group>"; };
		61C265C02B13171400756129 /* Helper.swift */ = {isa = PBXFileReference; fileEncoding = 4; lastKnownFileType = sourcecode.swift; path = Helper.swift; sourceTree = "<group>"; };
		61C265C12B13171400756129 /* howto.swift */ = {isa = PBXFileReference; fileEncoding = 4; lastKnownFileType = sourcecode.swift; path = howto.swift; sourceTree = "<group>"; };
		806925E22AFE9D6D0EF726E7 /* Pods_MathHub_Pro.framework */ = {isa = PBXFileReference; explicitFileType = wrapper.framework; includeInIndex = 0; path = Pods_MathHub_Pro.framework; sourceTree = BUILT_PRODUCTS_DIR; };
		A00FD90C2EDB9224F90C444F /* Pods-MathHub Pro.debug.xcconfig */ = {isa = PBXFileReference; includeInIndex = 1; lastKnownFileType = text.xcconfig; name = "Pods-MathHub Pro.debug.xcconfig"; path = "Target Support Files/Pods-MathHub Pro/Pods-MathHub Pro.debug.xcconfig"; sourceTree = "<group>"; };
		B67C36187BAAE41812D8A013 /* Pods-MathHub Pro.release.xcconfig */ = {isa = PBXFileReference; includeInIndex = 1; lastKnownFileType = text.xcconfig; name = "Pods-MathHub Pro.release.xcconfig"; path = "Target Support Files/Pods-MathHub Pro/Pods-MathHub Pro.release.xcconfig"; sourceTree = "<group>"; };
/* End PBXFileReference section */

/* Begin PBXFrameworksBuildPhase section */
		61C265A12B1316F500756129 /* Frameworks */ = {
			isa = PBXFrameworksBuildPhase;
			buildActionMask = 2147483647;
			files = (
				A71B226353AA2E421B5B200D /* Pods_MathHub_Pro.framework in Frameworks */,
			);
			runOnlyForDeploymentPostprocessing = 0;
		};
/* End PBXFrameworksBuildPhase section */

/* Begin PBXGroup section */
		553283B7243FC25A2854CDDF /* Pods */ = {
			isa = PBXGroup;
			children = (
				A00FD90C2EDB9224F90C444F /* Pods-MathHub Pro.debug.xcconfig */,
				B67C36187BAAE41812D8A013 /* Pods-MathHub Pro.release.xcconfig */,
			);
			name = Pods;
			path = Pods;
			sourceTree = "<group>";
		};
		611E5DD72B1317DF0066138E /* Viewww */ = {
			isa = PBXGroup;
			children = (
				611E5DD82B1317DF0066138E /* Arms.swift */,
				611E5DD92B1317DF0066138E /* Fibo.swift */,
				611E5DDA2B1317DF0066138E /* Fact.swift */,
				611E5DDB2B1317DF0066138E /* Palid.swift */,
			);
			path = Viewww;
			sourceTree = "<group>";
		};
		611E5DE02B1318070066138E /* otherfile */ = {
			isa = PBXGroup;
			children = (
				611E5DE12B1318070066138E /* Even.swift */,
				611E5DE22B1318070066138E /* Prime.swift */,
				611E5DE32B1318070066138E /* Average.swift */,
				611E5DE42B1318070066138E /* ODD.swift */,
			);
			path = otherfile;
			sourceTree = "<group>";
		};
		61C2659B2B1316F500756129 = {
			isa = PBXGroup;
			children = (
				61C265A62B1316F500756129 /* MathHub Pro */,
				61C265A52B1316F500756129 /* Products */,
				553283B7243FC25A2854CDDF /* Pods */,
				8D20116A455908448B7910AD /* Frameworks */,
			);
			sourceTree = "<group>";
		};
		61C265A52B1316F500756129 /* Products */ = {
			isa = PBXGroup;
			children = (
				61C265A42B1316F500756129 /* MathHub Pro.app */,
			);
			name = Products;
			sourceTree = "<group>";
		};
		61C265A62B1316F500756129 /* MathHub Pro */ = {
			isa = PBXGroup;
			children = (
				61C265A72B1316F500756129 /* AppDelegate.swift */,
				61C265A92B1316F500756129 /* SceneDelegate.swift */,
				61C265AB2B1316F500756129 /* ViewController.swift */,
				611E5DE02B1318070066138E /* otherfile */,
				611E5DD72B1317DF0066138E /* Viewww */,
				61C265BB2B13171400756129 /* Sidemenuvc */,
				61C265AD2B1316F500756129 /* Main.storyboard */,
				61C265B02B1316F700756129 /* Assets.xcassets */,
				61C265B22B1316F700756129 /* LaunchScreen.storyboard */,
				61C265B52B1316F700756129 /* Info.plist */,
			);
			path = "MathHub Pro";
			sourceTree = "<group>";
		};
		61C265BB2B13171400756129 /* Sidemenuvc */ = {
			isa = PBXGroup;
			children = (
				61C265BC2B13171400756129 /* SidemenuVC.swift */,
				61C265BD2B13171400756129 /* FeedbackVC.swift */,
				61C265BE2B13171400756129 /* sidemenuTblCell.swift */,
				61C265BF2B13171400756129 /* Abtsvc.swift */,
				61C265C02B13171400756129 /* Helper.swift */,
				61C265C12B13171400756129 /* howto.swift */,
			);
			path = Sidemenuvc;
			sourceTree = "<group>";
		};
		8D20116A455908448B7910AD /* Frameworks */ = {
			isa = PBXGroup;
			children = (
				806925E22AFE9D6D0EF726E7 /* Pods_MathHub_Pro.framework */,
			);
			name = Frameworks;
			sourceTree = "<group>";
		};
/* End PBXGroup section */

/* Begin PBXNativeTarget section */
		61C265A32B1316F500756129 /* MathHub Pro */ = {
			isa = PBXNativeTarget;
			buildConfigurationList = 61C265B82B1316F700756129 /* Build configuration list for PBXNativeTarget "MathHub Pro" */;
			buildPhases = (
				8FDB0A3DD1DB5C75B026385D /* [CP] Check Pods Manifest.lock */,
				61C265A02B1316F500756129 /* Sources */,
				61C265A12B1316F500756129 /* Frameworks */,
				61C265A22B1316F500756129 /* Resources */,
				D019A9EBE92167FACCAD1885 /* [CP] Embed Pods Frameworks */,
			);
			buildRules = (
			);
			dependencies = (
			);
			name = "MathHub Pro";
			productName = "MathHub Pro";
			productReference = 61C265A42B1316F500756129 /* MathHub Pro.app */;
			productType = "com.apple.product-type.application";
		};
/* End PBXNativeTarget section */

/* Begin PBXProject section */
		61C2659C2B1316F500756129 /* Project object */ = {
			isa = PBXProject;
			attributes = {
				BuildIndependentTargetsInParallel = 1;
				LastSwiftUpdateCheck = 1410;
				LastUpgradeCheck = 1410;
				TargetAttributes = {
					61C265A32B1316F500756129 = {
						CreatedOnToolsVersion = 14.1;
					};
				};
			};
			buildConfigurationList = 61C2659F2B1316F500756129 /* Build configuration list for PBXProject "MathHub Pro" */;
			compatibilityVersion = "Xcode 14.0";
			developmentRegion = en;
			hasScannedForEncodings = 0;
			knownRegions = (
				en,
				Base,
			);
			mainGroup = 61C2659B2B1316F500756129;
			productRefGroup = 61C265A52B1316F500756129 /* Products */;
			projectDirPath = "";
			projectRoot = "";
			targets = (
				61C265A32B1316F500756129 /* MathHub Pro */,
			);
		};
/* End PBXProject section */

/* Begin PBXResourcesBuildPhase section */
		61C265A22B1316F500756129 /* Resources */ = {
			isa = PBXResourcesBuildPhase;
			buildActionMask = 2147483647;
			files = (
				61C265B42B1316F700756129 /* LaunchScreen.storyboard in Resources */,
				61C265B12B1316F700756129 /* Assets.xcassets in Resources */,
				61C265AF2B1316F500756129 /* Main.storyboard in Resources */,
			);
			runOnlyForDeploymentPostprocessing = 0;
		};
/* End PBXResourcesBuildPhase section */

/* Begin PBXShellScriptBuildPhase section */
		8FDB0A3DD1DB5C75B026385D /* [CP] Check Pods Manifest.lock */ = {
			isa = PBXShellScriptBuildPhase;
			buildActionMask = 2147483647;
			files = (
			);
			inputFileListPaths = (
			);
			inputPaths = (
				"${PODS_PODFILE_DIR_PATH}/Podfile.lock",
				"${PODS_ROOT}/Manifest.lock",
			);
			name = "[CP] Check Pods Manifest.lock";
			outputFileListPaths = (
			);
			outputPaths = (
				"$(DERIVED_FILE_DIR)/Pods-MathHub Pro-checkManifestLockResult.txt",
			);
			runOnlyForDeploymentPostprocessing = 0;
			shellPath = /bin/sh;
			shellScript = "diff \"${PODS_PODFILE_DIR_PATH}/Podfile.lock\" \"${PODS_ROOT}/Manifest.lock\" > /dev/null\nif [ $? != 0 ] ; then\n    # print error to STDERR\n    echo \"error: The sandbox is not in sync with the Podfile.lock. Run 'pod install' or update your CocoaPods installation.\" >&2\n    exit 1\nfi\n# This output is used by Xcode 'outputs' to avoid re-running this script phase.\necho \"SUCCESS\" > \"${SCRIPT_OUTPUT_FILE_0}\"\n";
			showEnvVarsInLog = 0;
		};
		D019A9EBE92167FACCAD1885 /* [CP] Embed Pods Frameworks */ = {
			isa = PBXShellScriptBuildPhase;
			buildActionMask = 2147483647;
			files = (
			);
			inputFileListPaths = (
				"${PODS_ROOT}/Target Support Files/Pods-MathHub Pro/Pods-MathHub Pro-frameworks-${CONFIGURATION}-input-files.xcfilelist",
			);
			name = "[CP] Embed Pods Frameworks";
			outputFileListPaths = (
				"${PODS_ROOT}/Target Support Files/Pods-MathHub Pro/Pods-MathHub Pro-frameworks-${CONFIGURATION}-output-files.xcfilelist",
			);
			runOnlyForDeploymentPostprocessing = 0;
			shellPath = /bin/sh;
			shellScript = "\"${PODS_ROOT}/Target Support Files/Pods-MathHub Pro/Pods-MathHub Pro-frameworks.sh\"\n";
			showEnvVarsInLog = 0;
		};
/* End PBXShellScriptBuildPhase section */

/* Begin PBXSourcesBuildPhase section */
		61C265A02B1316F500756129 /* Sources */ = {
			isa = PBXSourcesBuildPhase;
			buildActionMask = 2147483647;
			files = (
				611E5DE82B1318070066138E /* ODD.swift in Sources */,
				61C265AC2B1316F500756129 /* ViewController.swift in Sources */,
				61C265C32B13171400756129 /* FeedbackVC.swift in Sources */,
				61C265C42B13171400756129 /* sidemenuTblCell.swift in Sources */,
				611E5DE72B1318070066138E /* Average.swift in Sources */,
				61C265C52B13171400756129 /* Abtsvc.swift in Sources */,
				611E5DDC2B1317DF0066138E /* Arms.swift in Sources */,
				611E5DDF2B1317DF0066138E /* Palid.swift in Sources */,
				61C265A82B1316F500756129 /* AppDelegate.swift in Sources */,
				611E5DE62B1318070066138E /* Prime.swift in Sources */,
				611E5DDD2B1317DF0066138E /* Fibo.swift in Sources */,
				611E5DDE2B1317DF0066138E /* Fact.swift in Sources */,
				61C265C72B13171400756129 /* howto.swift in Sources */,
				61C265C22B13171400756129 /* SidemenuVC.swift in Sources */,
				611E5DE52B1318070066138E /* Even.swift in Sources */,
				61C265AA2B1316F500756129 /* SceneDelegate.swift in Sources */,
				61C265C62B13171400756129 /* Helper.swift in Sources */,
			);
			runOnlyForDeploymentPostprocessing = 0;
		};
/* End PBXSourcesBuildPhase section */

/* Begin PBXVariantGroup section */
		61C265AD2B1316F500756129 /* Main.storyboard */ = {
			isa = PBXVariantGroup;
			children = (
				61C265AE2B1316F500756129 /* Base */,
			);
			name = Main.storyboard;
			sourceTree = "<group>";
		};
		61C265B22B1316F700756129 /* LaunchScreen.storyboard */ = {
			isa = PBXVariantGroup;
			children = (
				61C265B32B1316F700756129 /* Base */,
			);
			name = LaunchScreen.storyboard;
			sourceTree = "<group>";
		};
/* End PBXVariantGroup section */

/* Begin XCBuildConfiguration section */
		61C265B62B1316F700756129 /* Debug */ = {
			isa = XCBuildConfiguration;
			buildSettings = {
				ALWAYS_SEARCH_USER_PATHS = NO;
				CLANG_ANALYZER_NONNULL = YES;
				CLANG_ANALYZER_NUMBER_OBJECT_CONVERSION = YES_AGGRESSIVE;
				CLANG_CXX_LANGUAGE_STANDARD = "gnu++20";
				CLANG_ENABLE_MODULES = YES;
				CLANG_ENABLE_OBJC_ARC = YES;
				CLANG_ENABLE_OBJC_WEAK = YES;
				CLANG_WARN_BLOCK_CAPTURE_AUTORELEASING = YES;
				CLANG_WARN_BOOL_CONVERSION = YES;
				CLANG_WARN_COMMA = YES;
				CLANG_WARN_CONSTANT_CONVERSION = YES;
				CLANG_WARN_DEPRECATED_OBJC_IMPLEMENTATIONS = YES;
				CLANG_WARN_DIRECT_OBJC_ISA_USAGE = YES_ERROR;
				CLANG_WARN_DOCUMENTATION_COMMENTS = YES;
				CLANG_WARN_EMPTY_BODY = YES;
				CLANG_WARN_ENUM_CONVERSION = YES;
				CLANG_WARN_INFINITE_RECURSION = YES;
				CLANG_WARN_INT_CONVERSION = YES;
				CLANG_WARN_NON_LITERAL_NULL_CONVERSION = YES;
				CLANG_WARN_OBJC_IMPLICIT_RETAIN_SELF = YES;
				CLANG_WARN_OBJC_LITERAL_CONVERSION = YES;
				CLANG_WARN_OBJC_ROOT_CLASS = YES_ERROR;
				CLANG_WARN_QUOTED_INCLUDE_IN_FRAMEWORK_HEADER = YES;
				CLANG_WARN_RANGE_LOOP_ANALYSIS = YES;
				CLANG_WARN_STRICT_PROTOTYPES = YES;
				CLANG_WARN_SUSPICIOUS_MOVE = YES;
				CLANG_WARN_UNGUARDED_AVAILABILITY = YES_AGGRESSIVE;
				CLANG_WARN_UNREACHABLE_CODE = YES;
				CLANG_WARN__DUPLICATE_METHOD_MATCH = YES;
				COPY_PHASE_STRIP = NO;
				DEBUG_INFORMATION_FORMAT = dwarf;
				ENABLE_STRICT_OBJC_MSGSEND = YES;
				ENABLE_TESTABILITY = YES;
				GCC_C_LANGUAGE_STANDARD = gnu11;
				GCC_DYNAMIC_NO_PIC = NO;
				GCC_NO_COMMON_BLOCKS = YES;
				GCC_OPTIMIZATION_LEVEL = 0;
				GCC_PREPROCESSOR_DEFINITIONS = (
					"DEBUG=1",
					"$(inherited)",
				);
				GCC_WARN_64_TO_32_BIT_CONVERSION = YES;
				GCC_WARN_ABOUT_RETURN_TYPE = YES_ERROR;
				GCC_WARN_UNDECLARED_SELECTOR = YES;
				GCC_WARN_UNINITIALIZED_AUTOS = YES_AGGRESSIVE;
				GCC_WARN_UNUSED_FUNCTION = YES;
				GCC_WARN_UNUSED_VARIABLE = YES;
				IPHONEOS_DEPLOYMENT_TARGET = 16.1;
				MTL_ENABLE_DEBUG_INFO = INCLUDE_SOURCE;
				MTL_FAST_MATH = YES;
				ONLY_ACTIVE_ARCH = YES;
				SDKROOT = iphoneos;
				SWIFT_ACTIVE_COMPILATION_CONDITIONS = DEBUG;
				SWIFT_OPTIMIZATION_LEVEL = "-Onone";
			};
			name = Debug;
		};
		61C265B72B1316F700756129 /* Release */ = {
			isa = XCBuildConfiguration;
			buildSettings = {
				ALWAYS_SEARCH_USER_PATHS = NO;
				CLANG_ANALYZER_NONNULL = YES;
				CLANG_ANALYZER_NUMBER_OBJECT_CONVERSION = YES_AGGRESSIVE;
				CLANG_CXX_LANGUAGE_STANDARD = "gnu++20";
				CLANG_ENABLE_MODULES = YES;
				CLANG_ENABLE_OBJC_ARC = YES;
				CLANG_ENABLE_OBJC_WEAK = YES;
				CLANG_WARN_BLOCK_CAPTURE_AUTORELEASING = YES;
				CLANG_WARN_BOOL_CONVERSION = YES;
				CLANG_WARN_COMMA = YES;
				CLANG_WARN_CONSTANT_CONVERSION = YES;
				CLANG_WARN_DEPRECATED_OBJC_IMPLEMENTATIONS = YES;
				CLANG_WARN_DIRECT_OBJC_ISA_USAGE = YES_ERROR;
				CLANG_WARN_DOCUMENTATION_COMMENTS = YES;
				CLANG_WARN_EMPTY_BODY = YES;
				CLANG_WARN_ENUM_CONVERSION = YES;
				CLANG_WARN_INFINITE_RECURSION = YES;
				CLANG_WARN_INT_CONVERSION = YES;
				CLANG_WARN_NON_LITERAL_NULL_CONVERSION = YES;
				CLANG_WARN_OBJC_IMPLICIT_RETAIN_SELF = YES;
				CLANG_WARN_OBJC_LITERAL_CONVERSION = YES;
				CLANG_WARN_OBJC_ROOT_CLASS = YES_ERROR;
				CLANG_WARN_QUOTED_INCLUDE_IN_FRAMEWORK_HEADER = YES;
				CLANG_WARN_RANGE_LOOP_ANALYSIS = YES;
				CLANG_WARN_STRICT_PROTOTYPES = YES;
				CLANG_WARN_SUSPICIOUS_MOVE = YES;
				CLANG_WARN_UNGUARDED_AVAILABILITY = YES_AGGRESSIVE;
				CLANG_WARN_UNREACHABLE_CODE = YES;
				CLANG_WARN__DUPLICATE_METHOD_MATCH = YES;
				COPY_PHASE_STRIP = NO;
				DEBUG_INFORMATION_FORMAT = "dwarf-with-dsym";
				ENABLE_NS_ASSERTIONS = NO;
				ENABLE_STRICT_OBJC_MSGSEND = YES;
				GCC_C_LANGUAGE_STANDARD = gnu11;
				GCC_NO_COMMON_BLOCKS = YES;
				GCC_WARN_64_TO_32_BIT_CONVERSION = YES;
				GCC_WARN_ABOUT_RETURN_TYPE = YES_ERROR;
				GCC_WARN_UNDECLARED_SELECTOR = YES;
				GCC_WARN_UNINITIALIZED_AUTOS = YES_AGGRESSIVE;
				GCC_WARN_UNUSED_FUNCTION = YES;
				GCC_WARN_UNUSED_VARIABLE = YES;
				IPHONEOS_DEPLOYMENT_TARGET = 16.1;
				MTL_ENABLE_DEBUG_INFO = NO;
				MTL_FAST_MATH = YES;
				SDKROOT = iphoneos;
				SWIFT_COMPILATION_MODE = wholemodule;
				SWIFT_OPTIMIZATION_LEVEL = "-O";
				VALIDATE_PRODUCT = YES;
			};
			name = Release;
		};
		61C265B92B1316F700756129 /* Debug */ = {
			isa = XCBuildConfiguration;
			baseConfigurationReference = A00FD90C2EDB9224F90C444F /* Pods-MathHub Pro.debug.xcconfig */;
			buildSettings = {
				ASSETCATALOG_COMPILER_APPICON_NAME = AppIcon;
				ASSETCATALOG_COMPILER_GLOBAL_ACCENT_COLOR_NAME = AccentColor;
				CODE_SIGN_STYLE = Automatic;
				CURRENT_PROJECT_VERSION = 1;
				GENERATE_INFOPLIST_FILE = YES;
				INFOPLIST_FILE = "MathHub Pro/Info.plist";
				INFOPLIST_KEY_CFBundleDisplayName = "MathHub Pro";
				INFOPLIST_KEY_UIApplicationSupportsIndirectInputEvents = YES;
				INFOPLIST_KEY_UILaunchStoryboardName = LaunchScreen;
				INFOPLIST_KEY_UIMainStoryboardFile = Main;
				INFOPLIST_KEY_UISupportedInterfaceOrientations_iPad = "UIInterfaceOrientationPortrait UIInterfaceOrientationPortraitUpsideDown UIInterfaceOrientationLandscapeLeft UIInterfaceOrientationLandscapeRight";
				INFOPLIST_KEY_UISupportedInterfaceOrientations_iPhone = "UIInterfaceOrientationPortrait UIInterfaceOrientationLandscapeLeft UIInterfaceOrientationLandscapeRight";
				IPHONEOS_DEPLOYMENT_TARGET = 12.0;
				LD_RUNPATH_SEARCH_PATHS = (
					"$(inherited)",
					"@executable_path/Frameworks",
				);
				MARKETING_VERSION = 1.0;
				PRODUCT_BUNDLE_IDENTIFIER = "com.firstproject11.MathHub-Pro";
				PRODUCT_NAME = "$(TARGET_NAME)";
				SWIFT_EMIT_LOC_STRINGS = YES;
				SWIFT_VERSION = 5.0;
				TARGETED_DEVICE_FAMILY = "1,2";
			};
			name = Debug;
		};
		61C265BA2B1316F700756129 /* Release */ = {
			isa = XCBuildConfiguration;
			baseConfigurationReference = B67C36187BAAE41812D8A013 /* Pods-MathHub Pro.release.xcconfig */;
			buildSettings = {
				ASSETCATALOG_COMPILER_APPICON_NAME = AppIcon;
				ASSETCATALOG_COMPILER_GLOBAL_ACCENT_COLOR_NAME = AccentColor;
				CODE_SIGN_STYLE = Automatic;
				CURRENT_PROJECT_VERSION = 1;
				GENERATE_INFOPLIST_FILE = YES;
				INFOPLIST_FILE = "MathHub Pro/Info.plist";
				INFOPLIST_KEY_CFBundleDisplayName = "MathHub Pro";
				INFOPLIST_KEY_UIApplicationSupportsIndirectInputEvents = YES;
				INFOPLIST_KEY_UILaunchStoryboardName = LaunchScreen;
				INFOPLIST_KEY_UIMainStoryboardFile = Main;
				INFOPLIST_KEY_UISupportedInterfaceOrientations_iPad = "UIInterfaceOrientationPortrait UIInterfaceOrientationPortraitUpsideDown UIInterfaceOrientationLandscapeLeft UIInterfaceOrientationLandscapeRight";
				INFOPLIST_KEY_UISupportedInterfaceOrientations_iPhone = "UIInterfaceOrientationPortrait UIInterfaceOrientationLandscapeLeft UIInterfaceOrientationLandscapeRight";
				IPHONEOS_DEPLOYMENT_TARGET = 12.0;
				LD_RUNPATH_SEARCH_PATHS = (
					"$(inherited)",
					"@executable_path/Frameworks",
				);
				MARKETING_VERSION = 1.0;
				PRODUCT_BUNDLE_IDENTIFIER = "com.firstproject11.MathHub-Pro";
				PRODUCT_NAME = "$(TARGET_NAME)";
				SWIFT_EMIT_LOC_STRINGS = YES;
				SWIFT_VERSION = 5.0;
				TARGETED_DEVICE_FAMILY = "1,2";
			};
			name = Release;
		};
/* End XCBuildConfiguration section */

/* Begin XCConfigurationList section */
		61C2659F2B1316F500756129 /* Build configuration list for PBXProject "MathHub Pro" */ = {
			isa = XCConfigurationList;
			buildConfigurations = (
				61C265B62B1316F700756129 /* Debug */,
				61C265B72B1316F700756129 /* Release */,
			);
			defaultConfigurationIsVisible = 0;
			defaultConfigurationName = Release;
		};
		61C265B82B1316F700756129 /* Build configuration list for PBXNativeTarget "MathHub Pro" */ = {
			isa = XCConfigurationList;
			buildConfigurations = (
				61C265B92B1316F700756129 /* Debug */,
				61C265BA2B1316F700756129 /* Release */,
			);
			defaultConfigurationIsVisible = 0;
			defaultConfigurationName = Release;
		};
/* End XCConfigurationList section */
	};
	rootObject = 61C2659C2B1316F500756129 /* Project object */;
}
