// !$*UTF8*$!
{
	archiveVersion = 1;
	classes = {
	};
	objectVersion = 56;
	objects = {

/* Begin PBXBuildFile section */
		618DC1F92B07427400606832 /* AppDelegate.swift in Sources */ = {isa = PBXBuildFile; fileRef = 618DC1F82B07427400606832 /* AppDelegate.swift */; };
		618DC1FB2B07427400606832 /* SceneDelegate.swift in Sources */ = {isa = PBXBuildFile; fileRef = 618DC1FA2B07427400606832 /* SceneDelegate.swift */; };
		618DC1FD2B07427400606832 /* ViewController.swift in Sources */ = {isa = PBXBuildFile; fileRef = 618DC1FC2B07427400606832 /* ViewController.swift */; };
		618DC2002B07427400606832 /* Main.storyboard in Resources */ = {isa = PBXBuildFile; fileRef = 618DC1FE2B07427400606832 /* Main.storyboard */; };
		618DC2022B07427500606832 /* Assets.xcassets in Resources */ = {isa = PBXBuildFile; fileRef = 618DC2012B07427500606832 /* Assets.xcassets */; };
		618DC2052B07427500606832 /* LaunchScreen.storyboard in Resources */ = {isa = PBXBuildFile; fileRef = 618DC2032B07427500606832 /* LaunchScreen.storyboard */; };
		618DC2132B0742A300606832 /* SidemenuVC.swift in Sources */ = {isa = PBXBuildFile; fileRef = 618DC20D2B0742A300606832 /* SidemenuVC.swift */; };
		618DC2142B0742A300606832 /* FeedbackVC.swift in Sources */ = {isa = PBXBuildFile; fileRef = 618DC20E2B0742A300606832 /* FeedbackVC.swift */; };
		618DC2152B0742A300606832 /* sidemenuTblCell.swift in Sources */ = {isa = PBXBuildFile; fileRef = 618DC20F2B0742A300606832 /* sidemenuTblCell.swift */; };
		618DC2162B0742A300606832 /* Abtsvc.swift in Sources */ = {isa = PBXBuildFile; fileRef = 618DC2102B0742A300606832 /* Abtsvc.swift */; };
		618DC2172B0742A300606832 /* Helper.swift in Sources */ = {isa = PBXBuildFile; fileRef = 618DC2112B0742A300606832 /* Helper.swift */; };
		618DC2182B0742A300606832 /* howto.swift in Sources */ = {isa = PBXBuildFile; fileRef = 618DC2122B0742A300606832 /* howto.swift */; };
		618DC21A2B07452600606832 /* Power.swift in Sources */ = {isa = PBXBuildFile; fileRef = 618DC2192B07452600606832 /* Power.swift */; };
		618DC21C2B07453600606832 /* Potion.swift in Sources */ = {isa = PBXBuildFile; fileRef = 618DC21B2B07453600606832 /* Potion.swift */; };
		618DC21E2B07454300606832 /* TimeWrap.swift in Sources */ = {isa = PBXBuildFile; fileRef = 618DC21D2B07454300606832 /* TimeWrap.swift */; };
		618DC2202B07454D00606832 /* DWrap.swift in Sources */ = {isa = PBXBuildFile; fileRef = 618DC21F2B07454D00606832 /* DWrap.swift */; };
		CD3F6E57B9481DF485D79098 /* Pods_KaleidoKonvert.framework in Frameworks */ = {isa = PBXBuildFile; fileRef = 89EC951BB7989C87C233F7A4 /* Pods_KaleidoKonvert.framework */; };
/* End PBXBuildFile section */

/* Begin PBXFileReference section */
		0C99C7C9CB8F338E67584003 /* Pods-KaleidoKonvert.debug.xcconfig */ = {isa = PBXFileReference; includeInIndex = 1; lastKnownFileType = text.xcconfig; name = "Pods-KaleidoKonvert.debug.xcconfig"; path = "Target Support Files/Pods-KaleidoKonvert/Pods-KaleidoKonvert.debug.xcconfig"; sourceTree = "<group>"; };
		14A30ED239FF242AC4D1D349 /* Pods-KaleidoKonvert.release.xcconfig */ = {isa = PBXFileReference; includeInIndex = 1; lastKnownFileType = text.xcconfig; name = "Pods-KaleidoKonvert.release.xcconfig"; path = "Target Support Files/Pods-KaleidoKonvert/Pods-KaleidoKonvert.release.xcconfig"; sourceTree = "<group>"; };
		618DC1F52B07427400606832 /* KaleidoKonvert.app */ = {isa = PBXFileReference; explicitFileType = wrapper.application; includeInIndex = 0; path = KaleidoKonvert.app; sourceTree = BUILT_PRODUCTS_DIR; };
		618DC1F82B07427400606832 /* AppDelegate.swift */ = {isa = PBXFileReference; lastKnownFileType = sourcecode.swift; path = AppDelegate.swift; sourceTree = "<group>"; };
		618DC1FA2B07427400606832 /* SceneDelegate.swift */ = {isa = PBXFileReference; lastKnownFileType = sourcecode.swift; path = SceneDelegate.swift; sourceTree = "<group>"; };
		618DC1FC2B07427400606832 /* ViewController.swift */ = {isa = PBXFileReference; lastKnownFileType = sourcecode.swift; path = ViewController.swift; sourceTree = "<group>"; };
		618DC1FF2B07427400606832 /* Base */ = {isa = PBXFileReference; lastKnownFileType = file.storyboard; name = Base; path = Base.lproj/Main.storyboard; sourceTree = "<group>"; };
		618DC2012B07427500606832 /* Assets.xcassets */ = {isa = PBXFileReference; lastKnownFileType = folder.assetcatalog; path = Assets.xcassets; sourceTree = "<group>"; };
		618DC2042B07427500606832 /* Base */ = {isa = PBXFileReference; lastKnownFileType = file.storyboard; name = Base; path = Base.lproj/LaunchScreen.storyboard; sourceTree = "<group>"; };
		618DC2062B07427500606832 /* Info.plist */ = {isa = PBXFileReference; lastKnownFileType = text.plist.xml; path = Info.plist; sourceTree = "<group>"; };
		618DC20D2B0742A300606832 /* SidemenuVC.swift */ = {isa = PBXFileReference; fileEncoding = 4; lastKnownFileType = sourcecode.swift; path = SidemenuVC.swift; sourceTree = "<group>"; };
		618DC20E2B0742A300606832 /* FeedbackVC.swift */ = {isa = PBXFileReference; fileEncoding = 4; lastKnownFileType = sourcecode.swift; path = FeedbackVC.swift; sourceTree = "<group>"; };
		618DC20F2B0742A300606832 /* sidemenuTblCell.swift */ = {isa = PBXFileReference; fileEncoding = 4; lastKnownFileType = sourcecode.swift; path = sidemenuTblCell.swift; sourceTree = "<group>"; };
		618DC2102B0742A300606832 /* Abtsvc.swift */ = {isa = PBXFileReference; fileEncoding = 4; lastKnownFileType = sourcecode.swift; path = Abtsvc.swift; sourceTree = "<group>"; };
		618DC2112B0742A300606832 /* Helper.swift */ = {isa = PBXFileReference; fileEncoding = 4; lastKnownFileType = sourcecode.swift; path = Helper.swift; sourceTree = "<group>"; };
		618DC2122B0742A300606832 /* howto.swift */ = {isa = PBXFileReference; fileEncoding = 4; lastKnownFileType = sourcecode.swift; path = howto.swift; sourceTree = "<group>"; };
		618DC2192B07452600606832 /* Power.swift */ = {isa = PBXFileReference; lastKnownFileType = sourcecode.swift; path = Power.swift; sourceTree = "<group>"; };
		618DC21B2B07453600606832 /* Potion.swift */ = {isa = PBXFileReference; lastKnownFileType = sourcecode.swift; path = Potion.swift; sourceTree = "<group>"; };
		618DC21D2B07454300606832 /* TimeWrap.swift */ = {isa = PBXFileReference; lastKnownFileType = sourcecode.swift; path = TimeWrap.swift; sourceTree = "<group>"; };
		618DC21F2B07454D00606832 /* DWrap.swift */ = {isa = PBXFileReference; lastKnownFileType = sourcecode.swift; path = DWrap.swift; sourceTree = "<group>"; };
		89EC951BB7989C87C233F7A4 /* Pods_KaleidoKonvert.framework */ = {isa = PBXFileReference; explicitFileType = wrapper.framework; includeInIndex = 0; path = Pods_KaleidoKonvert.framework; sourceTree = BUILT_PRODUCTS_DIR; };
/* End PBXFileReference section */

/* Begin PBXFrameworksBuildPhase section */
		618DC1F22B07427400606832 /* Frameworks */ = {
			isa = PBXFrameworksBuildPhase;
			buildActionMask = 2147483647;
			files = (
				CD3F6E57B9481DF485D79098 /* Pods_KaleidoKonvert.framework in Frameworks */,
			);
			runOnlyForDeploymentPostprocessing = 0;
		};
/* End PBXFrameworksBuildPhase section */

/* Begin PBXGroup section */
		1C03F1FFF7C863C3551082A6 /* Frameworks */ = {
			isa = PBXGroup;
			children = (
				89EC951BB7989C87C233F7A4 /* Pods_KaleidoKonvert.framework */,
			);
			name = Frameworks;
			sourceTree = "<group>";
		};
		618DC1EC2B07427400606832 = {
			isa = PBXGroup;
			children = (
				618DC1F72B07427400606832 /* KaleidoKonvert */,
				618DC1F62B07427400606832 /* Products */,
				D343BAE7F5661B6EF4CDC46F /* Pods */,
				1C03F1FFF7C863C3551082A6 /* Frameworks */,
			);
			sourceTree = "<group>";
		};
		618DC1F62B07427400606832 /* Products */ = {
			isa = PBXGroup;
			children = (
				618DC1F52B07427400606832 /* KaleidoKonvert.app */,
			);
			name = Products;
			sourceTree = "<group>";
		};
		618DC1F72B07427400606832 /* KaleidoKonvert */ = {
			isa = PBXGroup;
			children = (
				618DC1F82B07427400606832 /* AppDelegate.swift */,
				618DC1FA2B07427400606832 /* SceneDelegate.swift */,
				618DC1FC2B07427400606832 /* ViewController.swift */,
				618DC2192B07452600606832 /* Power.swift */,
				618DC21B2B07453600606832 /* Potion.swift */,
				618DC21D2B07454300606832 /* TimeWrap.swift */,
				618DC21F2B07454D00606832 /* DWrap.swift */,
				618DC20C2B0742A300606832 /* Sidemenuvc */,
				618DC1FE2B07427400606832 /* Main.storyboard */,
				618DC2012B07427500606832 /* Assets.xcassets */,
				618DC2032B07427500606832 /* LaunchScreen.storyboard */,
				618DC2062B07427500606832 /* Info.plist */,
			);
			path = KaleidoKonvert;
			sourceTree = "<group>";
		};
		618DC20C2B0742A300606832 /* Sidemenuvc */ = {
			isa = PBXGroup;
			children = (
				618DC20D2B0742A300606832 /* SidemenuVC.swift */,
				618DC20E2B0742A300606832 /* FeedbackVC.swift */,
				618DC20F2B0742A300606832 /* sidemenuTblCell.swift */,
				618DC2102B0742A300606832 /* Abtsvc.swift */,
				618DC2112B0742A300606832 /* Helper.swift */,
				618DC2122B0742A300606832 /* howto.swift */,
			);
			path = Sidemenuvc;
			sourceTree = "<group>";
		};
		D343BAE7F5661B6EF4CDC46F /* Pods */ = {
			isa = PBXGroup;
			children = (
				0C99C7C9CB8F338E67584003 /* Pods-KaleidoKonvert.debug.xcconfig */,
				14A30ED239FF242AC4D1D349 /* Pods-KaleidoKonvert.release.xcconfig */,
			);
			path = Pods;
			sourceTree = "<group>";
		};
/* End PBXGroup section */

/* Begin PBXNativeTarget section */
		618DC1F42B07427400606832 /* KaleidoKonvert */ = {
			isa = PBXNativeTarget;
			buildConfigurationList = 618DC2092B07427500606832 /* Build configuration list for PBXNativeTarget "KaleidoKonvert" */;
			buildPhases = (
				D18D176C2995CD90105C2F6A /* [CP] Check Pods Manifest.lock */,
				618DC1F12B07427400606832 /* Sources */,
				618DC1F22B07427400606832 /* Frameworks */,
				618DC1F32B07427400606832 /* Resources */,
				7C601426A3EA2755BEA4E4EC /* [CP] Embed Pods Frameworks */,
			);
			buildRules = (
			);
			dependencies = (
			);
			name = KaleidoKonvert;
			productName = KaleidoKonvert;
			productReference = 618DC1F52B07427400606832 /* KaleidoKonvert.app */;
			productType = "com.apple.product-type.application";
		};
/* End PBXNativeTarget section */

/* Begin PBXProject section */
		618DC1ED2B07427400606832 /* Project object */ = {
			isa = PBXProject;
			attributes = {
				BuildIndependentTargetsInParallel = 1;
				LastSwiftUpdateCheck = 1410;
				LastUpgradeCheck = 1410;
				TargetAttributes = {
					618DC1F42B07427400606832 = {
						CreatedOnToolsVersion = 14.1;
					};
				};
			};
			buildConfigurationList = 618DC1F02B07427400606832 /* Build configuration list for PBXProject "KaleidoKonvert" */;
			compatibilityVersion = "Xcode 14.0";
			developmentRegion = en;
			hasScannedForEncodings = 0;
			knownRegions = (
				en,
				Base,
			);
			mainGroup = 618DC1EC2B07427400606832;
			productRefGroup = 618DC1F62B07427400606832 /* Products */;
			projectDirPath = "";
			projectRoot = "";
			targets = (
				618DC1F42B07427400606832 /* KaleidoKonvert */,
			);
		};
/* End PBXProject section */

/* Begin PBXResourcesBuildPhase section */
		618DC1F32B07427400606832 /* Resources */ = {
			isa = PBXResourcesBuildPhase;
			buildActionMask = 2147483647;
			files = (
				618DC2052B07427500606832 /* LaunchScreen.storyboard in Resources */,
				618DC2022B07427500606832 /* Assets.xcassets in Resources */,
				618DC2002B07427400606832 /* Main.storyboard in Resources */,
			);
			runOnlyForDeploymentPostprocessing = 0;
		};
/* End PBXResourcesBuildPhase section */

/* Begin PBXShellScriptBuildPhase section */
		7C601426A3EA2755BEA4E4EC /* [CP] Embed Pods Frameworks */ = {
			isa = PBXShellScriptBuildPhase;
			buildActionMask = 2147483647;
			files = (
			);
			inputFileListPaths = (
				"${PODS_ROOT}/Target Support Files/Pods-KaleidoKonvert/Pods-KaleidoKonvert-frameworks-${CONFIGURATION}-input-files.xcfilelist",
			);
			name = "[CP] Embed Pods Frameworks";
			outputFileListPaths = (
				"${PODS_ROOT}/Target Support Files/Pods-KaleidoKonvert/Pods-KaleidoKonvert-frameworks-${CONFIGURATION}-output-files.xcfilelist",
			);
			runOnlyForDeploymentPostprocessing = 0;
			shellPath = /bin/sh;
			shellScript = "\"${PODS_ROOT}/Target Support Files/Pods-KaleidoKonvert/Pods-KaleidoKonvert-frameworks.sh\"\n";
			showEnvVarsInLog = 0;
		};
		D18D176C2995CD90105C2F6A /* [CP] Check Pods Manifest.lock */ = {
			isa = PBXShellScriptBuildPhase;
			buildActionMask = 2147483647;
			files = (
			);
			inputFileListPaths = (
			);
			inputPaths = (
				"${PODS_PODFILE_DIR_PATH}/Podfile.lock",
				"${PODS_ROOT}/Manifest.lock",
			);
			name = "[CP] Check Pods Manifest.lock";
			outputFileListPaths = (
			);
			outputPaths = (
				"$(DERIVED_FILE_DIR)/Pods-KaleidoKonvert-checkManifestLockResult.txt",
			);
			runOnlyForDeploymentPostprocessing = 0;
			shellPath = /bin/sh;
			shellScript = "diff \"${PODS_PODFILE_DIR_PATH}/Podfile.lock\" \"${PODS_ROOT}/Manifest.lock\" > /dev/null\nif [ $? != 0 ] ; then\n    # print error to STDERR\n    echo \"error: The sandbox is not in sync with the Podfile.lock. Run 'pod install' or update your CocoaPods installation.\" >&2\n    exit 1\nfi\n# This output is used by Xcode 'outputs' to avoid re-running this script phase.\necho \"SUCCESS\" > \"${SCRIPT_OUTPUT_FILE_0}\"\n";
			showEnvVarsInLog = 0;
		};
/* End PBXShellScriptBuildPhase section */

/* Begin PBXSourcesBuildPhase section */
		618DC1F12B07427400606832 /* Sources */ = {
			isa = PBXSourcesBuildPhase;
			buildActionMask = 2147483647;
			files = (
				618DC1FD2B07427400606832 /* ViewController.swift in Sources */,
				618DC2142B0742A300606832 /* FeedbackVC.swift in Sources */,
				618DC21E2B07454300606832 /* TimeWrap.swift in Sources */,
				618DC2152B0742A300606832 /* sidemenuTblCell.swift in Sources */,
				618DC2162B0742A300606832 /* Abtsvc.swift in Sources */,
				618DC1F92B07427400606832 /* AppDelegate.swift in Sources */,
				618DC2182B0742A300606832 /* howto.swift in Sources */,
				618DC2132B0742A300606832 /* SidemenuVC.swift in Sources */,
				618DC21A2B07452600606832 /* Power.swift in Sources */,
				618DC2202B07454D00606832 /* DWrap.swift in Sources */,
				618DC1FB2B07427400606832 /* SceneDelegate.swift in Sources */,
				618DC21C2B07453600606832 /* Potion.swift in Sources */,
				618DC2172B0742A300606832 /* Helper.swift in Sources */,
			);
			runOnlyForDeploymentPostprocessing = 0;
		};
/* End PBXSourcesBuildPhase section */

/* Begin PBXVariantGroup section */
		618DC1FE2B07427400606832 /* Main.storyboard */ = {
			isa = PBXVariantGroup;
			children = (
				618DC1FF2B07427400606832 /* Base */,
			);
			name = Main.storyboard;
			sourceTree = "<group>";
		};
		618DC2032B07427500606832 /* LaunchScreen.storyboard */ = {
			isa = PBXVariantGroup;
			children = (
				618DC2042B07427500606832 /* Base */,
			);
			name = LaunchScreen.storyboard;
			sourceTree = "<group>";
		};
/* End PBXVariantGroup section */

/* Begin XCBuildConfiguration section */
		618DC2072B07427500606832 /* Debug */ = {
			isa = XCBuildConfiguration;
			buildSettings = {
				ALWAYS_SEARCH_USER_PATHS = NO;
				CLANG_ANALYZER_NONNULL = YES;
				CLANG_ANALYZER_NUMBER_OBJECT_CONVERSION = YES_AGGRESSIVE;
				CLANG_CXX_LANGUAGE_STANDARD = "gnu++20";
				CLANG_ENABLE_MODULES = YES;
				CLANG_ENABLE_OBJC_ARC = YES;
				CLANG_ENABLE_OBJC_WEAK = YES;
				CLANG_WARN_BLOCK_CAPTURE_AUTORELEASING = YES;
				CLANG_WARN_BOOL_CONVERSION = YES;
				CLANG_WARN_COMMA = YES;
				CLANG_WARN_CONSTANT_CONVERSION = YES;
				CLANG_WARN_DEPRECATED_OBJC_IMPLEMENTATIONS = YES;
				CLANG_WARN_DIRECT_OBJC_ISA_USAGE = YES_ERROR;
				CLANG_WARN_DOCUMENTATION_COMMENTS = YES;
				CLANG_WARN_EMPTY_BODY = YES;
				CLANG_WARN_ENUM_CONVERSION = YES;
				CLANG_WARN_INFINITE_RECURSION = YES;
				CLANG_WARN_INT_CONVERSION = YES;
				CLANG_WARN_NON_LITERAL_NULL_CONVERSION = YES;
				CLANG_WARN_OBJC_IMPLICIT_RETAIN_SELF = YES;
				CLANG_WARN_OBJC_LITERAL_CONVERSION = YES;
				CLANG_WARN_OBJC_ROOT_CLASS = YES_ERROR;
				CLANG_WARN_QUOTED_INCLUDE_IN_FRAMEWORK_HEADER = YES;
				CLANG_WARN_RANGE_LOOP_ANALYSIS = YES;
				CLANG_WARN_STRICT_PROTOTYPES = YES;
				CLANG_WARN_SUSPICIOUS_MOVE = YES;
				CLANG_WARN_UNGUARDED_AVAILABILITY = YES_AGGRESSIVE;
				CLANG_WARN_UNREACHABLE_CODE = YES;
				CLANG_WARN__DUPLICATE_METHOD_MATCH = YES;
				COPY_PHASE_STRIP = NO;
				DEBUG_INFORMATION_FORMAT = dwarf;
				ENABLE_STRICT_OBJC_MSGSEND = YES;
				ENABLE_TESTABILITY = YES;
				GCC_C_LANGUAGE_STANDARD = gnu11;
				GCC_DYNAMIC_NO_PIC = NO;
				GCC_NO_COMMON_BLOCKS = YES;
				GCC_OPTIMIZATION_LEVEL = 0;
				GCC_PREPROCESSOR_DEFINITIONS = (
					"DEBUG=1",
					"$(inherited)",
				);
				GCC_WARN_64_TO_32_BIT_CONVERSION = YES;
				GCC_WARN_ABOUT_RETURN_TYPE = YES_ERROR;
				GCC_WARN_UNDECLARED_SELECTOR = YES;
				GCC_WARN_UNINITIALIZED_AUTOS = YES_AGGRESSIVE;
				GCC_WARN_UNUSED_FUNCTION = YES;
				GCC_WARN_UNUSED_VARIABLE = YES;
				IPHONEOS_DEPLOYMENT_TARGET = 16.1;
				MTL_ENABLE_DEBUG_INFO = INCLUDE_SOURCE;
				MTL_FAST_MATH = YES;
				ONLY_ACTIVE_ARCH = YES;
				SDKROOT = iphoneos;
				SWIFT_ACTIVE_COMPILATION_CONDITIONS = DEBUG;
				SWIFT_OPTIMIZATION_LEVEL = "-Onone";
			};
			name = Debug;
		};
		618DC2082B07427500606832 /* Release */ = {
			isa = XCBuildConfiguration;
			buildSettings = {
				ALWAYS_SEARCH_USER_PATHS = NO;
				CLANG_ANALYZER_NONNULL = YES;
				CLANG_ANALYZER_NUMBER_OBJECT_CONVERSION = YES_AGGRESSIVE;
				CLANG_CXX_LANGUAGE_STANDARD = "gnu++20";
				CLANG_ENABLE_MODULES = YES;
				CLANG_ENABLE_OBJC_ARC = YES;
				CLANG_ENABLE_OBJC_WEAK = YES;
				CLANG_WARN_BLOCK_CAPTURE_AUTORELEASING = YES;
				CLANG_WARN_BOOL_CONVERSION = YES;
				CLANG_WARN_COMMA = YES;
				CLANG_WARN_CONSTANT_CONVERSION = YES;
				CLANG_WARN_DEPRECATED_OBJC_IMPLEMENTATIONS = YES;
				CLANG_WARN_DIRECT_OBJC_ISA_USAGE = YES_ERROR;
				CLANG_WARN_DOCUMENTATION_COMMENTS = YES;
				CLANG_WARN_EMPTY_BODY = YES;
				CLANG_WARN_ENUM_CONVERSION = YES;
				CLANG_WARN_INFINITE_RECURSION = YES;
				CLANG_WARN_INT_CONVERSION = YES;
				CLANG_WARN_NON_LITERAL_NULL_CONVERSION = YES;
				CLANG_WARN_OBJC_IMPLICIT_RETAIN_SELF = YES;
				CLANG_WARN_OBJC_LITERAL_CONVERSION = YES;
				CLANG_WARN_OBJC_ROOT_CLASS = YES_ERROR;
				CLANG_WARN_QUOTED_INCLUDE_IN_FRAMEWORK_HEADER = YES;
				CLANG_WARN_RANGE_LOOP_ANALYSIS = YES;
				CLANG_WARN_STRICT_PROTOTYPES = YES;
				CLANG_WARN_SUSPICIOUS_MOVE = YES;
				CLANG_WARN_UNGUARDED_AVAILABILITY = YES_AGGRESSIVE;
				CLANG_WARN_UNREACHABLE_CODE = YES;
				CLANG_WARN__DUPLICATE_METHOD_MATCH = YES;
				COPY_PHASE_STRIP = NO;
				DEBUG_INFORMATION_FORMAT = "dwarf-with-dsym";
				ENABLE_NS_ASSERTIONS = NO;
				ENABLE_STRICT_OBJC_MSGSEND = YES;
				GCC_C_LANGUAGE_STANDARD = gnu11;
				GCC_NO_COMMON_BLOCKS = YES;
				GCC_WARN_64_TO_32_BIT_CONVERSION = YES;
				GCC_WARN_ABOUT_RETURN_TYPE = YES_ERROR;
				GCC_WARN_UNDECLARED_SELECTOR = YES;
				GCC_WARN_UNINITIALIZED_AUTOS = YES_AGGRESSIVE;
				GCC_WARN_UNUSED_FUNCTION = YES;
				GCC_WARN_UNUSED_VARIABLE = YES;
				IPHONEOS_DEPLOYMENT_TARGET = 16.1;
				MTL_ENABLE_DEBUG_INFO = NO;
				MTL_FAST_MATH = YES;
				SDKROOT = iphoneos;
				SWIFT_COMPILATION_MODE = wholemodule;
				SWIFT_OPTIMIZATION_LEVEL = "-O";
				VALIDATE_PRODUCT = YES;
			};
			name = Release;
		};
		618DC20A2B07427500606832 /* Debug */ = {
			isa = XCBuildConfiguration;
			baseConfigurationReference = 0C99C7C9CB8F338E67584003 /* Pods-KaleidoKonvert.debug.xcconfig */;
			buildSettings = {
				ASSETCATALOG_COMPILER_APPICON_NAME = AppIcon;
				ASSETCATALOG_COMPILER_GLOBAL_ACCENT_COLOR_NAME = AccentColor;
				CODE_SIGN_STYLE = Automatic;
				CURRENT_PROJECT_VERSION = 1;
				GENERATE_INFOPLIST_FILE = YES;
				INFOPLIST_FILE = KaleidoKonvert/Info.plist;
				INFOPLIST_KEY_CFBundleDisplayName = KaleidoKonvert;
				INFOPLIST_KEY_UIApplicationSupportsIndirectInputEvents = YES;
				INFOPLIST_KEY_UILaunchStoryboardName = LaunchScreen;
				INFOPLIST_KEY_UIMainStoryboardFile = Main;
				INFOPLIST_KEY_UISupportedInterfaceOrientations_iPad = "UIInterfaceOrientationPortrait UIInterfaceOrientationPortraitUpsideDown UIInterfaceOrientationLandscapeLeft UIInterfaceOrientationLandscapeRight";
				INFOPLIST_KEY_UISupportedInterfaceOrientations_iPhone = "UIInterfaceOrientationPortrait UIInterfaceOrientationLandscapeLeft UIInterfaceOrientationLandscapeRight";
				IPHONEOS_DEPLOYMENT_TARGET = 12.0;
				LD_RUNPATH_SEARCH_PATHS = (
					"$(inherited)",
					"@executable_path/Frameworks",
				);
				MARKETING_VERSION = 1.0;
				PRODUCT_BUNDLE_IDENTIFIER = com.firstproject11.KaleidoKonvert;
				PRODUCT_NAME = "$(TARGET_NAME)";
				SWIFT_EMIT_LOC_STRINGS = YES;
				SWIFT_VERSION = 5.0;
				TARGETED_DEVICE_FAMILY = "1,2";
			};
			name = Debug;
		};
		618DC20B2B07427500606832 /* Release */ = {
			isa = XCBuildConfiguration;
			baseConfigurationReference = 14A30ED239FF242AC4D1D349 /* Pods-KaleidoKonvert.release.xcconfig */;
			buildSettings = {
				ASSETCATALOG_COMPILER_APPICON_NAME = AppIcon;
				ASSETCATALOG_COMPILER_GLOBAL_ACCENT_COLOR_NAME = AccentColor;
				CODE_SIGN_STYLE = Automatic;
				CURRENT_PROJECT_VERSION = 1;
				GENERATE_INFOPLIST_FILE = YES;
				INFOPLIST_FILE = KaleidoKonvert/Info.plist;
				INFOPLIST_KEY_CFBundleDisplayName = KaleidoKonvert;
				INFOPLIST_KEY_UIApplicationSupportsIndirectInputEvents = YES;
				INFOPLIST_KEY_UILaunchStoryboardName = LaunchScreen;
				INFOPLIST_KEY_UIMainStoryboardFile = Main;
				INFOPLIST_KEY_UISupportedInterfaceOrientations_iPad = "UIInterfaceOrientationPortrait UIInterfaceOrientationPortraitUpsideDown UIInterfaceOrientationLandscapeLeft UIInterfaceOrientationLandscapeRight";
				INFOPLIST_KEY_UISupportedInterfaceOrientations_iPhone = "UIInterfaceOrientationPortrait UIInterfaceOrientationLandscapeLeft UIInterfaceOrientationLandscapeRight";
				IPHONEOS_DEPLOYMENT_TARGET = 12.0;
				LD_RUNPATH_SEARCH_PATHS = (
					"$(inherited)",
					"@executable_path/Frameworks",
				);
				MARKETING_VERSION = 1.0;
				PRODUCT_BUNDLE_IDENTIFIER = com.firstproject11.KaleidoKonvert;
				PRODUCT_NAME = "$(TARGET_NAME)";
				SWIFT_EMIT_LOC_STRINGS = YES;
				SWIFT_VERSION = 5.0;
				TARGETED_DEVICE_FAMILY = "1,2";
			};
			name = Release;
		};
/* End XCBuildConfiguration section */

/* Begin XCConfigurationList section */
		618DC1F02B07427400606832 /* Build configuration list for PBXProject "KaleidoKonvert" */ = {
			isa = XCConfigurationList;
			buildConfigurations = (
				618DC2072B07427500606832 /* Debug */,
				618DC2082B07427500606832 /* Release */,
			);
			defaultConfigurationIsVisible = 0;
			defaultConfigurationName = Release;
		};
		618DC2092B07427500606832 /* Build configuration list for PBXNativeTarget "KaleidoKonvert" */ = {
			isa = XCConfigurationList;
			buildConfigurations = (
				618DC20A2B07427500606832 /* Debug */,
				618DC20B2B07427500606832 /* Release */,
			);
			defaultConfigurationIsVisible = 0;
			defaultConfigurationName = Release;
		};
/* End XCConfigurationList section */
	};
	rootObject = 618DC1ED2B07427400606832 /* Project object */;
}
